// !$*UTF8*$!
{
	archiveVersion = 1;
	classes = {
	};
	objectVersion = 56;
	objects = {

/* Begin PBXBuildFile section */
		3F97E7632BC4DEA5009288BD /* main.swift in Sources */ = {isa = PBXBuildFile; fileRef = 3F97E7622BC4DEA5009288BD /* main.swift */; };
		3F97E76B2BC4DF21009288BD /* SwiftSoup in Frameworks */ = {isa = PBXBuildFile; productRef = 3F97E76A2BC4DF21009288BD /* SwiftSoup */; };
		3FAA0DE72BC6765300BA0A02 /* Info.swift in Sources */ = {isa = PBXBuildFile; fileRef = 3FAA0DE62BC6765300BA0A02 /* Info.swift */; };
		3FAA0DE92BC676A100BA0A02 /* Naver.swift in Sources */ = {isa = PBXBuildFile; fileRef = 3FAA0DE82BC676A100BA0A02 /* Naver.swift */; };
		3FAA0DEB2BC676B200BA0A02 /* SearchNaverByInput.swift in Sources */ = {isa = PBXBuildFile; fileRef = 3FAA0DEA2BC676B200BA0A02 /* SearchNaverByInput.swift */; };
/* End PBXBuildFile section */

/* Begin PBXCopyFilesBuildPhase section */
		3F97E75D2BC4DEA5009288BD /* CopyFiles */ = {
			isa = PBXCopyFilesBuildPhase;
			buildActionMask = 2147483647;
			dstPath = /usr/share/man/man1/;
			dstSubfolderSpec = 0;
			files = (
			);
			runOnlyForDeploymentPostprocessing = 1;
		};
/* End PBXCopyFilesBuildPhase section */

/* Begin PBXFileReference section */
		3F97E75F2BC4DEA5009288BD /* AppCenter-WebCrawling */ = {isa = PBXFileReference; explicitFileType = "compiled.mach-o.executable"; includeInIndex = 0; path = "AppCenter-WebCrawling"; sourceTree = BUILT_PRODUCTS_DIR; };
		3F97E7622BC4DEA5009288BD /* main.swift */ = {isa = PBXFileReference; lastKnownFileType = sourcecode.swift; path = main.swift; sourceTree = "<group>"; };
		3FAA0DE62BC6765300BA0A02 /* Info.swift */ = {isa = PBXFileReference; lastKnownFileType = sourcecode.swift; path = Info.swift; sourceTree = "<group>"; };
		3FAA0DE82BC676A100BA0A02 /* Naver.swift */ = {isa = PBXFileReference; lastKnownFileType = sourcecode.swift; path = Naver.swift; sourceTree = "<group>"; };
		3FAA0DEA2BC676B200BA0A02 /* SearchNaverByInput.swift */ = {isa = PBXFileReference; lastKnownFileType = sourcecode.swift; path = SearchNaverByInput.swift; sourceTree = "<group>"; };
/* End PBXFileReference section */

/* Begin PBXFrameworksBuildPhase section */
		3F97E75C2BC4DEA5009288BD /* Frameworks */ = {
			isa = PBXFrameworksBuildPhase;
			buildActionMask = 2147483647;
			files = (
				3F97E76B2BC4DF21009288BD /* SwiftSoup in Frameworks */,
			);
			runOnlyForDeploymentPostprocessing = 0;
		};
/* End PBXFrameworksBuildPhase section */

/* Begin PBXGroup section */
		3F97E7562BC4DEA5009288BD = {
			isa = PBXGroup;
			children = (
				3F97E7612BC4DEA5009288BD /* AppCenter-WebCrawling */,
				3F97E7602BC4DEA5009288BD /* Products */,
			);
			sourceTree = "<group>";
		};
		3F97E7602BC4DEA5009288BD /* Products */ = {
			isa = PBXGroup;
			children = (
				3F97E75F2BC4DEA5009288BD /* AppCenter-WebCrawling */,
			);
			name = Products;
			sourceTree = "<group>";
		};
		3F97E7612BC4DEA5009288BD /* AppCenter-WebCrawling */ = {
			isa = PBXGroup;
			children = (
				3F97E7622BC4DEA5009288BD /* main.swift */,
				3FAA0DE62BC6765300BA0A02 /* Info.swift */,
				3FAA0DE82BC676A100BA0A02 /* Naver.swift */,
				3FAA0DEA2BC676B200BA0A02 /* SearchNaverByInput.swift */,
			);
			path = "AppCenter-WebCrawling";
			sourceTree = "<group>";
		};
/* End PBXGroup section */

/* Begin PBXNativeTarget section */
		3F97E75E2BC4DEA5009288BD /* AppCenter-WebCrawling */ = {
			isa = PBXNativeTarget;
			buildConfigurationList = 3F97E7662BC4DEA5009288BD /* Build configuration list for PBXNativeTarget "AppCenter-WebCrawling" */;
			buildPhases = (
				3F97E75B2BC4DEA5009288BD /* Sources */,
				3F97E75C2BC4DEA5009288BD /* Frameworks */,
				3F97E75D2BC4DEA5009288BD /* CopyFiles */,
			);
			buildRules = (
			);
			dependencies = (
			);
			name = "AppCenter-WebCrawling";
			packageProductDependencies = (
				3F97E76A2BC4DF21009288BD /* SwiftSoup */,
			);
			productName = "AppCenter-WebCrawling";
			productReference = 3F97E75F2BC4DEA5009288BD /* AppCenter-WebCrawling */;
			productType = "com.apple.product-type.tool";
		};
/* End PBXNativeTarget section */

/* Begin PBXProject section */
		3F97E7572BC4DEA5009288BD /* Project object */ = {
			isa = PBXProject;
			attributes = {
				BuildIndependentTargetsInParallel = 1;
				LastSwiftUpdateCheck = 1520;
				LastUpgradeCheck = 1520;
				TargetAttributes = {
					3F97E75E2BC4DEA5009288BD = {
						CreatedOnToolsVersion = 15.2;
					};
				};
			};
			buildConfigurationList = 3F97E75A2BC4DEA5009288BD /* Build configuration list for PBXProject "AppCenter-WebCrawling" */;
			compatibilityVersion = "Xcode 14.0";
			developmentRegion = en;
			hasScannedForEncodings = 0;
			knownRegions = (
				en,
				Base,
			);
			mainGroup = 3F97E7562BC4DEA5009288BD;
			packageReferences = (
				3F97E7692BC4DF21009288BD /* XCRemoteSwiftPackageReference "SwiftSoup" */,
			);
			productRefGroup = 3F97E7602BC4DEA5009288BD /* Products */;
			projectDirPath = "";
			projectRoot = "";
			targets = (
				3F97E75E2BC4DEA5009288BD /* AppCenter-WebCrawling */,
			);
		};
/* End PBXProject section */

/* Begin PBXSourcesBuildPhase section */
		3F97E75B2BC4DEA5009288BD /* Sources */ = {
			isa = PBXSourcesBuildPhase;
			buildActionMask = 2147483647;
			files = (
				3FAA0DEB2BC676B200BA0A02 /* SearchNaverByInput.swift in Sources */,
				3FAA0DE92BC676A100BA0A02 /* Naver.swift in Sources */,
				3F97E7632BC4DEA5009288BD /* main.swift in Sources */,
				3FAA0DE72BC6765300BA0A02 /* Info.swift in Sources */,
			);
			runOnlyForDeploymentPostprocessing = 0;
		};
/* End PBXSourcesBuildPhase section */

/* Begin XCBuildConfiguration section */
		3F97E7642BC4DEA5009288BD /* Debug */ = {
			isa = XCBuildConfiguration;
			buildSettings = {
				ALWAYS_SEARCH_USER_PATHS = NO;
				ASSETCATALOG_COMPILER_GENERATE_SWIFT_ASSET_SYMBOL_EXTENSIONS = YES;
				CLANG_ANALYZER_NONNULL = YES;
				CLANG_ANALYZER_NUMBER_OBJECT_CONVERSION = YES_AGGRESSIVE;
				CLANG_CXX_LANGUAGE_STANDARD = "gnu++20";
				CLANG_ENABLE_MODULES = YES;
				CLANG_ENABLE_OBJC_ARC = YES;
				CLANG_ENABLE_OBJC_WEAK = YES;
				CLANG_WARN_BLOCK_CAPTURE_AUTORELEASING = YES;
				CLANG_WARN_BOOL_CONVERSION = YES;
				CLANG_WARN_COMMA = YES;
				CLANG_WARN_CONSTANT_CONVERSION = YES;
				CLANG_WARN_DEPRECATED_OBJC_IMPLEMENTATIONS = YES;
				CLANG_WARN_DIRECT_OBJC_ISA_USAGE = YES_ERROR;
				CLANG_WARN_DOCUMENTATION_COMMENTS = YES;
				CLANG_WARN_EMPTY_BODY = YES;
				CLANG_WARN_ENUM_CONVERSION = YES;
				CLANG_WARN_INFINITE_RECURSION = YES;
				CLANG_WARN_INT_CONVERSION = YES;
				CLANG_WARN_NON_LITERAL_NULL_CONVERSION = YES;
				CLANG_WARN_OBJC_IMPLICIT_RETAIN_SELF = YES;
				CLANG_WARN_OBJC_LITERAL_CONVERSION = YES;
				CLANG_WARN_OBJC_ROOT_CLASS = YES_ERROR;
				CLANG_WARN_QUOTED_INCLUDE_IN_FRAMEWORK_HEADER = YES;
				CLANG_WARN_RANGE_LOOP_ANALYSIS = YES;
				CLANG_WARN_STRICT_PROTOTYPES = YES;
				CLANG_WARN_SUSPICIOUS_MOVE = YES;
				CLANG_WARN_UNGUARDED_AVAILABILITY = YES_AGGRESSIVE;
				CLANG_WARN_UNREACHABLE_CODE = YES;
				CLANG_WARN__DUPLICATE_METHOD_MATCH = YES;
				COPY_PHASE_STRIP = NO;
				DEBUG_INFORMATION_FORMAT = dwarf;
				ENABLE_STRICT_OBJC_MSGSEND = YES;
				ENABLE_TESTABILITY = YES;
				ENABLE_USER_SCRIPT_SANDBOXING = YES;
				GCC_C_LANGUAGE_STANDARD = gnu17;
				GCC_DYNAMIC_NO_PIC = NO;
				GCC_NO_COMMON_BLOCKS = YES;
				GCC_OPTIMIZATION_LEVEL = 0;
				GCC_PREPROCESSOR_DEFINITIONS = (
					"DEBUG=1",
					"$(inherited)",
				);
				GCC_WARN_64_TO_32_BIT_CONVERSION = YES;
				GCC_WARN_ABOUT_RETURN_TYPE = YES_ERROR;
				GCC_WARN_UNDECLARED_SELECTOR = YES;
				GCC_WARN_UNINITIALIZED_AUTOS = YES_AGGRESSIVE;
				GCC_WARN_UNUSED_FUNCTION = YES;
				GCC_WARN_UNUSED_VARIABLE = YES;
				LOCALIZATION_PREFERS_STRING_CATALOGS = YES;
				MACOSX_DEPLOYMENT_TARGET = 14.2;
				MTL_ENABLE_DEBUG_INFO = INCLUDE_SOURCE;
				MTL_FAST_MATH = YES;
				ONLY_ACTIVE_ARCH = YES;
				SDKROOT = macosx;
				SWIFT_ACTIVE_COMPILATION_CONDITIONS = "DEBUG $(inherited)";
				SWIFT_OPTIMIZATION_LEVEL = "-Onone";
			};
			name = Debug;
		};
		3F97E7652BC4DEA5009288BD /* Release */ = {
			isa = XCBuildConfiguration;
			buildSettings = {
				ALWAYS_SEARCH_USER_PATHS = NO;
				ASSETCATALOG_COMPILER_GENERATE_SWIFT_ASSET_SYMBOL_EXTENSIONS = YES;
				CLANG_ANALYZER_NONNULL = YES;
				CLANG_ANALYZER_NUMBER_OBJECT_CONVERSION = YES_AGGRESSIVE;
				CLANG_CXX_LANGUAGE_STANDARD = "gnu++20";
				CLANG_ENABLE_MODULES = YES;
				CLANG_ENABLE_OBJC_ARC = YES;
				CLANG_ENABLE_OBJC_WEAK = YES;
				CLANG_WARN_BLOCK_CAPTURE_AUTORELEASING = YES;
				CLANG_WARN_BOOL_CONVERSION = YES;
				CLANG_WARN_COMMA = YES;
				CLANG_WARN_CONSTANT_CONVERSION = YES;
				CLANG_WARN_DEPRECATED_OBJC_IMPLEMENTATIONS = YES;
				CLANG_WARN_DIRECT_OBJC_ISA_USAGE = YES_ERROR;
				CLANG_WARN_DOCUMENTATION_COMMENTS = YES;
				CLANG_WARN_EMPTY_BODY = YES;
				CLANG_WARN_ENUM_CONVERSION = YES;
				CLANG_WARN_INFINITE_RECURSION = YES;
				CLANG_WARN_INT_CONVERSION = YES;
				CLANG_WARN_NON_LITERAL_NULL_CONVERSION = YES;
				CLANG_WARN_OBJC_IMPLICIT_RETAIN_SELF = YES;
				CLANG_WARN_OBJC_LITERAL_CONVERSION = YES;
				CLANG_WARN_OBJC_ROOT_CLASS = YES_ERROR;
				CLANG_WARN_QUOTED_INCLUDE_IN_FRAMEWORK_HEADER = YES;
				CLANG_WARN_RANGE_LOOP_ANALYSIS = YES;
				CLANG_WARN_STRICT_PROTOTYPES = YES;
				CLANG_WARN_SUSPICIOUS_MOVE = YES;
				CLANG_WARN_UNGUARDED_AVAILABILITY = YES_AGGRESSIVE;
				CLANG_WARN_UNREACHABLE_CODE = YES;
				CLANG_WARN__DUPLICATE_METHOD_MATCH = YES;
				COPY_PHASE_STRIP = NO;
				DEBUG_INFORMATION_FORMAT = "dwarf-with-dsym";
				ENABLE_NS_ASSERTIONS = NO;
				ENABLE_STRICT_OBJC_MSGSEND = YES;
				ENABLE_USER_SCRIPT_SANDBOXING = YES;
				GCC_C_LANGUAGE_STANDARD = gnu17;
				GCC_NO_COMMON_BLOCKS = YES;
				GCC_WARN_64_TO_32_BIT_CONVERSION = YES;
				GCC_WARN_ABOUT_RETURN_TYPE = YES_ERROR;
				GCC_WARN_UNDECLARED_SELECTOR = YES;
				GCC_WARN_UNINITIALIZED_AUTOS = YES_AGGRESSIVE;
				GCC_WARN_UNUSED_FUNCTION = YES;
				GCC_WARN_UNUSED_VARIABLE = YES;
				LOCALIZATION_PREFERS_STRING_CATALOGS = YES;
				MACOSX_DEPLOYMENT_TARGET = 14.2;
				MTL_ENABLE_DEBUG_INFO = NO;
				MTL_FAST_MATH = YES;
				SDKROOT = macosx;
				SWIFT_COMPILATION_MODE = wholemodule;
			};
			name = Release;
		};
		3F97E7672BC4DEA5009288BD /* Debug */ = {
			isa = XCBuildConfiguration;
			buildSettings = {
				CODE_SIGN_STYLE = Automatic;
				DEVELOPMENT_TEAM = 3S2S9T38QB;
				ENABLE_HARDENED_RUNTIME = YES;
				PRODUCT_NAME = "$(TARGET_NAME)";
				SWIFT_VERSION = 5.0;
			};
			name = Debug;
		};
		3F97E7682BC4DEA5009288BD /* Release */ = {
			isa = XCBuildConfiguration;
			buildSettings = {
				CODE_SIGN_STYLE = Automatic;
				DEVELOPMENT_TEAM = 3S2S9T38QB;
				ENABLE_HARDENED_RUNTIME = YES;
				PRODUCT_NAME = "$(TARGET_NAME)";
				SWIFT_VERSION = 5.0;
			};
			name = Release;
		};
/* End XCBuildConfiguration section */

/* Begin XCConfigurationList section */
		3F97E75A2BC4DEA5009288BD /* Build configuration list for PBXProject "AppCenter-WebCrawling" */ = {
			isa = XCConfigurationList;
			buildConfigurations = (
				3F97E7642BC4DEA5009288BD /* Debug */,
				3F97E7652BC4DEA5009288BD /* Release */,
			);
			defaultConfigurationIsVisible = 0;
			defaultConfigurationName = Release;
		};
		3F97E7662BC4DEA5009288BD /* Build configuration list for PBXNativeTarget "AppCenter-WebCrawling" */ = {
			isa = XCConfigurationList;
			buildConfigurations = (
				3F97E7672BC4DEA5009288BD /* Debug */,
				3F97E7682BC4DEA5009288BD /* Release */,
			);
			defaultConfigurationIsVisible = 0;
			defaultConfigurationName = Release;
		};
/* End XCConfigurationList section */

/* Begin XCRemoteSwiftPackageReference section */
		3F97E7692BC4DF21009288BD /* XCRemoteSwiftPackageReference "SwiftSoup" */ = {
			isa = XCRemoteSwiftPackageReference;
			repositoryURL = "https://github.com/scinfu/SwiftSoup.git";
			requirement = {
				kind = upToNextMajorVersion;
				minimumVersion = 2.7.2;
			};
		};
/* End XCRemoteSwiftPackageReference section */

/* Begin XCSwiftPackageProductDependency section */
		3F97E76A2BC4DF21009288BD /* SwiftSoup */ = {
			isa = XCSwiftPackageProductDependency;
			package = 3F97E7692BC4DF21009288BD /* XCRemoteSwiftPackageReference "SwiftSoup" */;
			productName = SwiftSoup;
		};
/* End XCSwiftPackageProductDependency section */
	};
	rootObject = 3F97E7572BC4DEA5009288BD /* Project object */;
}
