// !$*UTF8*$!
{
	archiveVersion = 1;
	classes = {
	};
	objectVersion = 56;
	objects = {

/* Begin PBXBuildFile section */
		8B764D6C2BEBF1FF00DB6352 /* MovieCell.xib in Resources */ = {isa = PBXBuildFile; fileRef = 8B764D6B2BEBF1FF00DB6352 /* MovieCell.xib */; };
		8B764D6D2BEBF20000DB6352 /* MovieCell.swift in Sources */ = {isa = PBXBuildFile; fileRef = 8B764D6A2BEBF1FF00DB6352 /* MovieCell.swift */; };
		8B764D6F2BEC0E0A00DB6352 /* DetailViewController.swift in Sources */ = {isa = PBXBuildFile; fileRef = 8B764D6E2BEC0E0A00DB6352 /* DetailViewController.swift */; };
		8BEA87B12BE9CD3100620554 /* AppDelegate.swift in Sources */ = {isa = PBXBuildFile; fileRef = 8BEA87B02BE9CD3100620554 /* AppDelegate.swift */; };
		8BEA87B32BE9CD3100620554 /* SceneDelegate.swift in Sources */ = {isa = PBXBuildFile; fileRef = 8BEA87B22BE9CD3100620554 /* SceneDelegate.swift */; };
		8BEA87B52BE9CD3100620554 /* ViewController.swift in Sources */ = {isa = PBXBuildFile; fileRef = 8BEA87B42BE9CD3100620554 /* ViewController.swift */; };
		8BEA87B82BE9CD3100620554 /* Base in Resources */ = {isa = PBXBuildFile; fileRef = 8BEA87B72BE9CD3100620554 /* Base */; };
		8BEA87BA2BE9CD3400620554 /* Assets.xcassets in Resources */ = {isa = PBXBuildFile; fileRef = 8BEA87B92BE9CD3400620554 /* Assets.xcassets */; };
		8BEA87BD2BE9CD3400620554 /* Base in Resources */ = {isa = PBXBuildFile; fileRef = 8BEA87BC2BE9CD3400620554 /* Base */; };
		8BEA87C82BE9CD3400620554 /* MoviceChartTests.swift in Sources */ = {isa = PBXBuildFile; fileRef = 8BEA87C72BE9CD3400620554 /* MoviceChartTests.swift */; };
		8BEA87D22BE9CD3400620554 /* MoviceChartUITests.swift in Sources */ = {isa = PBXBuildFile; fileRef = 8BEA87D12BE9CD3400620554 /* MoviceChartUITests.swift */; };
		8BEA87D42BE9CD3400620554 /* MoviceChartUITestsLaunchTests.swift in Sources */ = {isa = PBXBuildFile; fileRef = 8BEA87D32BE9CD3400620554 /* MoviceChartUITestsLaunchTests.swift */; };
		8BEA87E12BE9CE1D00620554 /* Movie.swift in Sources */ = {isa = PBXBuildFile; fileRef = 8BEA87E02BE9CE1D00620554 /* Movie.swift */; };
/* End PBXBuildFile section */

/* Begin PBXContainerItemProxy section */
		8BEA87C42BE9CD3400620554 /* PBXContainerItemProxy */ = {
			isa = PBXContainerItemProxy;
			containerPortal = 8BEA87A52BE9CD3100620554 /* Project object */;
			proxyType = 1;
			remoteGlobalIDString = 8BEA87AC2BE9CD3100620554;
			remoteInfo = MoviceChart;
		};
		8BEA87CE2BE9CD3400620554 /* PBXContainerItemProxy */ = {
			isa = PBXContainerItemProxy;
			containerPortal = 8BEA87A52BE9CD3100620554 /* Project object */;
			proxyType = 1;
			remoteGlobalIDString = 8BEA87AC2BE9CD3100620554;
			remoteInfo = MoviceChart;
		};
/* End PBXContainerItemProxy section */

/* Begin PBXFileReference section */
		8B764D6A2BEBF1FF00DB6352 /* MovieCell.swift */ = {isa = PBXFileReference; lastKnownFileType = sourcecode.swift; path = MovieCell.swift; sourceTree = "<group>"; };
		8B764D6B2BEBF1FF00DB6352 /* MovieCell.xib */ = {isa = PBXFileReference; lastKnownFileType = file.xib; path = MovieCell.xib; sourceTree = "<group>"; };
		8B764D6E2BEC0E0A00DB6352 /* DetailViewController.swift */ = {isa = PBXFileReference; lastKnownFileType = sourcecode.swift; path = DetailViewController.swift; sourceTree = "<group>"; };
		8B764D702BEC278100DB6352 /* README.md */ = {isa = PBXFileReference; lastKnownFileType = net.daringfireball.markdown; path = README.md; sourceTree = "<group>"; };
		8BEA87AD2BE9CD3100620554 /* MoviceChart.app */ = {isa = PBXFileReference; explicitFileType = wrapper.application; includeInIndex = 0; path = MoviceChart.app; sourceTree = BUILT_PRODUCTS_DIR; };
		8BEA87B02BE9CD3100620554 /* AppDelegate.swift */ = {isa = PBXFileReference; lastKnownFileType = sourcecode.swift; path = AppDelegate.swift; sourceTree = "<group>"; };
		8BEA87B22BE9CD3100620554 /* SceneDelegate.swift */ = {isa = PBXFileReference; lastKnownFileType = sourcecode.swift; path = SceneDelegate.swift; sourceTree = "<group>"; };
		8BEA87B42BE9CD3100620554 /* ViewController.swift */ = {isa = PBXFileReference; lastKnownFileType = sourcecode.swift; path = ViewController.swift; sourceTree = "<group>"; };
		8BEA87B72BE9CD3100620554 /* Base */ = {isa = PBXFileReference; lastKnownFileType = file.storyboard; name = Base; path = Base.lproj/Main.storyboard; sourceTree = "<group>"; };
		8BEA87B92BE9CD3400620554 /* Assets.xcassets */ = {isa = PBXFileReference; lastKnownFileType = folder.assetcatalog; path = Assets.xcassets; sourceTree = "<group>"; };
		8BEA87BC2BE9CD3400620554 /* Base */ = {isa = PBXFileReference; lastKnownFileType = file.storyboard; name = Base; path = Base.lproj/LaunchScreen.storyboard; sourceTree = "<group>"; };
		8BEA87BE2BE9CD3400620554 /* Info.plist */ = {isa = PBXFileReference; lastKnownFileType = text.plist.xml; path = Info.plist; sourceTree = "<group>"; };
		8BEA87C32BE9CD3400620554 /* MoviceChartTests.xctest */ = {isa = PBXFileReference; explicitFileType = wrapper.cfbundle; includeInIndex = 0; path = MoviceChartTests.xctest; sourceTree = BUILT_PRODUCTS_DIR; };
		8BEA87C72BE9CD3400620554 /* MoviceChartTests.swift */ = {isa = PBXFileReference; lastKnownFileType = sourcecode.swift; path = MoviceChartTests.swift; sourceTree = "<group>"; };
		8BEA87CD2BE9CD3400620554 /* MoviceChartUITests.xctest */ = {isa = PBXFileReference; explicitFileType = wrapper.cfbundle; includeInIndex = 0; path = MoviceChartUITests.xctest; sourceTree = BUILT_PRODUCTS_DIR; };
		8BEA87D12BE9CD3400620554 /* MoviceChartUITests.swift */ = {isa = PBXFileReference; lastKnownFileType = sourcecode.swift; path = MoviceChartUITests.swift; sourceTree = "<group>"; };
		8BEA87D32BE9CD3400620554 /* MoviceChartUITestsLaunchTests.swift */ = {isa = PBXFileReference; lastKnownFileType = sourcecode.swift; path = MoviceChartUITestsLaunchTests.swift; sourceTree = "<group>"; };
		8BEA87E02BE9CE1D00620554 /* Movie.swift */ = {isa = PBXFileReference; lastKnownFileType = sourcecode.swift; path = Movie.swift; sourceTree = "<group>"; };
/* End PBXFileReference section */

/* Begin PBXFrameworksBuildPhase section */
		8BEA87AA2BE9CD3100620554 /* Frameworks */ = {
			isa = PBXFrameworksBuildPhase;
			buildActionMask = 2147483647;
			files = (
			);
			runOnlyForDeploymentPostprocessing = 0;
		};
		8BEA87C02BE9CD3400620554 /* Frameworks */ = {
			isa = PBXFrameworksBuildPhase;
			buildActionMask = 2147483647;
			files = (
			);
			runOnlyForDeploymentPostprocessing = 0;
		};
		8BEA87CA2BE9CD3400620554 /* Frameworks */ = {
			isa = PBXFrameworksBuildPhase;
			buildActionMask = 2147483647;
			files = (
			);
			runOnlyForDeploymentPostprocessing = 0;
		};
/* End PBXFrameworksBuildPhase section */

/* Begin PBXGroup section */
		8BEA87A42BE9CD3100620554 = {
			isa = PBXGroup;
			children = (
				8B764D702BEC278100DB6352 /* README.md */,
				8BEA87AF2BE9CD3100620554 /* MoviceChart */,
				8BEA87C62BE9CD3400620554 /* MoviceChartTests */,
				8BEA87D02BE9CD3400620554 /* MoviceChartUITests */,
				8BEA87AE2BE9CD3100620554 /* Products */,
			);
			sourceTree = "<group>";
		};
		8BEA87AE2BE9CD3100620554 /* Products */ = {
			isa = PBXGroup;
			children = (
				8BEA87AD2BE9CD3100620554 /* MoviceChart.app */,
				8BEA87C32BE9CD3400620554 /* MoviceChartTests.xctest */,
				8BEA87CD2BE9CD3400620554 /* MoviceChartUITests.xctest */,
			);
			name = Products;
			sourceTree = "<group>";
		};
		8BEA87AF2BE9CD3100620554 /* MoviceChart */ = {
			isa = PBXGroup;
			children = (
				8BEA87B02BE9CD3100620554 /* AppDelegate.swift */,
				8BEA87B22BE9CD3100620554 /* SceneDelegate.swift */,
				8BEA87B42BE9CD3100620554 /* ViewController.swift */,
				8BEA87B62BE9CD3100620554 /* Main.storyboard */,
				8BEA87B92BE9CD3400620554 /* Assets.xcassets */,
				8BEA87BB2BE9CD3400620554 /* LaunchScreen.storyboard */,
				8BEA87BE2BE9CD3400620554 /* Info.plist */,
				8BEA87E02BE9CE1D00620554 /* Movie.swift */,
				8B764D6A2BEBF1FF00DB6352 /* MovieCell.swift */,
				8B764D6B2BEBF1FF00DB6352 /* MovieCell.xib */,
				8B764D6E2BEC0E0A00DB6352 /* DetailViewController.swift */,
			);
			path = MoviceChart;
			sourceTree = "<group>";
		};
		8BEA87C62BE9CD3400620554 /* MoviceChartTests */ = {
			isa = PBXGroup;
			children = (
				8BEA87C72BE9CD3400620554 /* MoviceChartTests.swift */,
			);
			path = MoviceChartTests;
			sourceTree = "<group>";
		};
		8BEA87D02BE9CD3400620554 /* MoviceChartUITests */ = {
			isa = PBXGroup;
			children = (
				8BEA87D12BE9CD3400620554 /* MoviceChartUITests.swift */,
				8BEA87D32BE9CD3400620554 /* MoviceChartUITestsLaunchTests.swift */,
			);
			path = MoviceChartUITests;
			sourceTree = "<group>";
		};
/* End PBXGroup section */

/* Begin PBXNativeTarget section */
		8BEA87AC2BE9CD3100620554 /* MoviceChart */ = {
			isa = PBXNativeTarget;
			buildConfigurationList = 8BEA87D72BE9CD3400620554 /* Build configuration list for PBXNativeTarget "MoviceChart" */;
			buildPhases = (
				8BEA87A92BE9CD3100620554 /* Sources */,
				8BEA87AA2BE9CD3100620554 /* Frameworks */,
				8BEA87AB2BE9CD3100620554 /* Resources */,
			);
			buildRules = (
			);
			dependencies = (
			);
			name = MoviceChart;
			productName = MoviceChart;
			productReference = 8BEA87AD2BE9CD3100620554 /* MoviceChart.app */;
			productType = "com.apple.product-type.application";
		};
		8BEA87C22BE9CD3400620554 /* MoviceChartTests */ = {
			isa = PBXNativeTarget;
			buildConfigurationList = 8BEA87DA2BE9CD3400620554 /* Build configuration list for PBXNativeTarget "MoviceChartTests" */;
			buildPhases = (
				8BEA87BF2BE9CD3400620554 /* Sources */,
				8BEA87C02BE9CD3400620554 /* Frameworks */,
				8BEA87C12BE9CD3400620554 /* Resources */,
			);
			buildRules = (
			);
			dependencies = (
				8BEA87C52BE9CD3400620554 /* PBXTargetDependency */,
			);
			name = MoviceChartTests;
			productName = MoviceChartTests;
			productReference = 8BEA87C32BE9CD3400620554 /* MoviceChartTests.xctest */;
			productType = "com.apple.product-type.bundle.unit-test";
		};
		8BEA87CC2BE9CD3400620554 /* MoviceChartUITests */ = {
			isa = PBXNativeTarget;
			buildConfigurationList = 8BEA87DD2BE9CD3400620554 /* Build configuration list for PBXNativeTarget "MoviceChartUITests" */;
			buildPhases = (
				8BEA87C92BE9CD3400620554 /* Sources */,
				8BEA87CA2BE9CD3400620554 /* Frameworks */,
				8BEA87CB2BE9CD3400620554 /* Resources */,
			);
			buildRules = (
			);
			dependencies = (
				8BEA87CF2BE9CD3400620554 /* PBXTargetDependency */,
			);
			name = MoviceChartUITests;
			productName = MoviceChartUITests;
			productReference = 8BEA87CD2BE9CD3400620554 /* MoviceChartUITests.xctest */;
			productType = "com.apple.product-type.bundle.ui-testing";
		};
/* End PBXNativeTarget section */

/* Begin PBXProject section */
		8BEA87A52BE9CD3100620554 /* Project object */ = {
			isa = PBXProject;
			attributes = {
				BuildIndependentTargetsInParallel = 1;
				LastSwiftUpdateCheck = 1530;
				LastUpgradeCheck = 1530;
				TargetAttributes = {
					8BEA87AC2BE9CD3100620554 = {
						CreatedOnToolsVersion = 15.3;
					};
					8BEA87C22BE9CD3400620554 = {
						CreatedOnToolsVersion = 15.3;
						TestTargetID = 8BEA87AC2BE9CD3100620554;
					};
					8BEA87CC2BE9CD3400620554 = {
						CreatedOnToolsVersion = 15.3;
						TestTargetID = 8BEA87AC2BE9CD3100620554;
					};
				};
			};
			buildConfigurationList = 8BEA87A82BE9CD3100620554 /* Build configuration list for PBXProject "MoviceChart" */;
			compatibilityVersion = "Xcode 14.0";
			developmentRegion = en;
			hasScannedForEncodings = 0;
			knownRegions = (
				en,
				Base,
			);
			mainGroup = 8BEA87A42BE9CD3100620554;
			productRefGroup = 8BEA87AE2BE9CD3100620554 /* Products */;
			projectDirPath = "";
			projectRoot = "";
			targets = (
				8BEA87AC2BE9CD3100620554 /* MoviceChart */,
				8BEA87C22BE9CD3400620554 /* MoviceChartTests */,
				8BEA87CC2BE9CD3400620554 /* MoviceChartUITests */,
			);
		};
/* End PBXProject section */

/* Begin PBXResourcesBuildPhase section */
		8BEA87AB2BE9CD3100620554 /* Resources */ = {
			isa = PBXResourcesBuildPhase;
			buildActionMask = 2147483647;
			files = (
				8BEA87BA2BE9CD3400620554 /* Assets.xcassets in Resources */,
				8BEA87BD2BE9CD3400620554 /* Base in Resources */,
				8B764D6C2BEBF1FF00DB6352 /* MovieCell.xib in Resources */,
				8BEA87B82BE9CD3100620554 /* Base in Resources */,
			);
			runOnlyForDeploymentPostprocessing = 0;
		};
		8BEA87C12BE9CD3400620554 /* Resources */ = {
			isa = PBXResourcesBuildPhase;
			buildActionMask = 2147483647;
			files = (
			);
			runOnlyForDeploymentPostprocessing = 0;
		};
		8BEA87CB2BE9CD3400620554 /* Resources */ = {
			isa = PBXResourcesBuildPhase;
			buildActionMask = 2147483647;
			files = (
			);
			runOnlyForDeploymentPostprocessing = 0;
		};
/* End PBXResourcesBuildPhase section */

/* Begin PBXSourcesBuildPhase section */
		8BEA87A92BE9CD3100620554 /* Sources */ = {
			isa = PBXSourcesBuildPhase;
			buildActionMask = 2147483647;
			files = (
				8BEA87B52BE9CD3100620554 /* ViewController.swift in Sources */,
				8BEA87B12BE9CD3100620554 /* AppDelegate.swift in Sources */,
				8BEA87E12BE9CE1D00620554 /* Movie.swift in Sources */,
				8B764D6D2BEBF20000DB6352 /* MovieCell.swift in Sources */,
				8B764D6F2BEC0E0A00DB6352 /* DetailViewController.swift in Sources */,
				8BEA87B32BE9CD3100620554 /* SceneDelegate.swift in Sources */,
			);
			runOnlyForDeploymentPostprocessing = 0;
		};
		8BEA87BF2BE9CD3400620554 /* Sources */ = {
			isa = PBXSourcesBuildPhase;
			buildActionMask = 2147483647;
			files = (
				8BEA87C82BE9CD3400620554 /* MoviceChartTests.swift in Sources */,
			);
			runOnlyForDeploymentPostprocessing = 0;
		};
		8BEA87C92BE9CD3400620554 /* Sources */ = {
			isa = PBXSourcesBuildPhase;
			buildActionMask = 2147483647;
			files = (
				8BEA87D42BE9CD3400620554 /* MoviceChartUITestsLaunchTests.swift in Sources */,
				8BEA87D22BE9CD3400620554 /* MoviceChartUITests.swift in Sources */,
			);
			runOnlyForDeploymentPostprocessing = 0;
		};
/* End PBXSourcesBuildPhase section */

/* Begin PBXTargetDependency section */
		8BEA87C52BE9CD3400620554 /* PBXTargetDependency */ = {
			isa = PBXTargetDependency;
			target = 8BEA87AC2BE9CD3100620554 /* MoviceChart */;
			targetProxy = 8BEA87C42BE9CD3400620554 /* PBXContainerItemProxy */;
		};
		8BEA87CF2BE9CD3400620554 /* PBXTargetDependency */ = {
			isa = PBXTargetDependency;
			target = 8BEA87AC2BE9CD3100620554 /* MoviceChart */;
			targetProxy = 8BEA87CE2BE9CD3400620554 /* PBXContainerItemProxy */;
		};
/* End PBXTargetDependency section */

/* Begin PBXVariantGroup section */
		8BEA87B62BE9CD3100620554 /* Main.storyboard */ = {
			isa = PBXVariantGroup;
			children = (
				8BEA87B72BE9CD3100620554 /* Base */,
			);
			name = Main.storyboard;
			sourceTree = "<group>";
		};
		8BEA87BB2BE9CD3400620554 /* LaunchScreen.storyboard */ = {
			isa = PBXVariantGroup;
			children = (
				8BEA87BC2BE9CD3400620554 /* Base */,
			);
			name = LaunchScreen.storyboard;
			sourceTree = "<group>";
		};
/* End PBXVariantGroup section */

/* Begin XCBuildConfiguration section */
		8BEA87D52BE9CD3400620554 /* Debug */ = {
			isa = XCBuildConfiguration;
			buildSettings = {
				ALWAYS_SEARCH_USER_PATHS = NO;
				ASSETCATALOG_COMPILER_GENERATE_SWIFT_ASSET_SYMBOL_EXTENSIONS = YES;
				CLANG_ANALYZER_NONNULL = YES;
				CLANG_ANALYZER_NUMBER_OBJECT_CONVERSION = YES_AGGRESSIVE;
				CLANG_CXX_LANGUAGE_STANDARD = "gnu++20";
				CLANG_ENABLE_MODULES = YES;
				CLANG_ENABLE_OBJC_ARC = YES;
				CLANG_ENABLE_OBJC_WEAK = YES;
				CLANG_WARN_BLOCK_CAPTURE_AUTORELEASING = YES;
				CLANG_WARN_BOOL_CONVERSION = YES;
				CLANG_WARN_COMMA = YES;
				CLANG_WARN_CONSTANT_CONVERSION = YES;
				CLANG_WARN_DEPRECATED_OBJC_IMPLEMENTATIONS = YES;
				CLANG_WARN_DIRECT_OBJC_ISA_USAGE = YES_ERROR;
				CLANG_WARN_DOCUMENTATION_COMMENTS = YES;
				CLANG_WARN_EMPTY_BODY = YES;
				CLANG_WARN_ENUM_CONVERSION = YES;
				CLANG_WARN_INFINITE_RECURSION = YES;
				CLANG_WARN_INT_CONVERSION = YES;
				CLANG_WARN_NON_LITERAL_NULL_CONVERSION = YES;
				CLANG_WARN_OBJC_IMPLICIT_RETAIN_SELF = YES;
				CLANG_WARN_OBJC_LITERAL_CONVERSION = YES;
				CLANG_WARN_OBJC_ROOT_CLASS = YES_ERROR;
				CLANG_WARN_QUOTED_INCLUDE_IN_FRAMEWORK_HEADER = YES;
				CLANG_WARN_RANGE_LOOP_ANALYSIS = YES;
				CLANG_WARN_STRICT_PROTOTYPES = YES;
				CLANG_WARN_SUSPICIOUS_MOVE = YES;
				CLANG_WARN_UNGUARDED_AVAILABILITY = YES_AGGRESSIVE;
				CLANG_WARN_UNREACHABLE_CODE = YES;
				CLANG_WARN__DUPLICATE_METHOD_MATCH = YES;
				COPY_PHASE_STRIP = NO;
				DEBUG_INFORMATION_FORMAT = dwarf;
				ENABLE_STRICT_OBJC_MSGSEND = YES;
				ENABLE_TESTABILITY = YES;
				ENABLE_USER_SCRIPT_SANDBOXING = YES;
				GCC_C_LANGUAGE_STANDARD = gnu17;
				GCC_DYNAMIC_NO_PIC = NO;
				GCC_NO_COMMON_BLOCKS = YES;
				GCC_OPTIMIZATION_LEVEL = 0;
				GCC_PREPROCESSOR_DEFINITIONS = (
					"DEBUG=1",
					"$(inherited)",
				);
				GCC_WARN_64_TO_32_BIT_CONVERSION = YES;
				GCC_WARN_ABOUT_RETURN_TYPE = YES_ERROR;
				GCC_WARN_UNDECLARED_SELECTOR = YES;
				GCC_WARN_UNINITIALIZED_AUTOS = YES_AGGRESSIVE;
				GCC_WARN_UNUSED_FUNCTION = YES;
				GCC_WARN_UNUSED_VARIABLE = YES;
				IPHONEOS_DEPLOYMENT_TARGET = 17.4;
				LOCALIZATION_PREFERS_STRING_CATALOGS = YES;
				MTL_ENABLE_DEBUG_INFO = INCLUDE_SOURCE;
				MTL_FAST_MATH = YES;
				ONLY_ACTIVE_ARCH = YES;
				SDKROOT = iphoneos;
				SWIFT_ACTIVE_COMPILATION_CONDITIONS = "DEBUG $(inherited)";
				SWIFT_OPTIMIZATION_LEVEL = "-Onone";
			};
			name = Debug;
		};
		8BEA87D62BE9CD3400620554 /* Release */ = {
			isa = XCBuildConfiguration;
			buildSettings = {
				ALWAYS_SEARCH_USER_PATHS = NO;
				ASSETCATALOG_COMPILER_GENERATE_SWIFT_ASSET_SYMBOL_EXTENSIONS = YES;
				CLANG_ANALYZER_NONNULL = YES;
				CLANG_ANALYZER_NUMBER_OBJECT_CONVERSION = YES_AGGRESSIVE;
				CLANG_CXX_LANGUAGE_STANDARD = "gnu++20";
				CLANG_ENABLE_MODULES = YES;
				CLANG_ENABLE_OBJC_ARC = YES;
				CLANG_ENABLE_OBJC_WEAK = YES;
				CLANG_WARN_BLOCK_CAPTURE_AUTORELEASING = YES;
				CLANG_WARN_BOOL_CONVERSION = YES;
				CLANG_WARN_COMMA = YES;
				CLANG_WARN_CONSTANT_CONVERSION = YES;
				CLANG_WARN_DEPRECATED_OBJC_IMPLEMENTATIONS = YES;
				CLANG_WARN_DIRECT_OBJC_ISA_USAGE = YES_ERROR;
				CLANG_WARN_DOCUMENTATION_COMMENTS = YES;
				CLANG_WARN_EMPTY_BODY = YES;
				CLANG_WARN_ENUM_CONVERSION = YES;
				CLANG_WARN_INFINITE_RECURSION = YES;
				CLANG_WARN_INT_CONVERSION = YES;
				CLANG_WARN_NON_LITERAL_NULL_CONVERSION = YES;
				CLANG_WARN_OBJC_IMPLICIT_RETAIN_SELF = YES;
				CLANG_WARN_OBJC_LITERAL_CONVERSION = YES;
				CLANG_WARN_OBJC_ROOT_CLASS = YES_ERROR;
				CLANG_WARN_QUOTED_INCLUDE_IN_FRAMEWORK_HEADER = YES;
				CLANG_WARN_RANGE_LOOP_ANALYSIS = YES;
				CLANG_WARN_STRICT_PROTOTYPES = YES;
				CLANG_WARN_SUSPICIOUS_MOVE = YES;
				CLANG_WARN_UNGUARDED_AVAILABILITY = YES_AGGRESSIVE;
				CLANG_WARN_UNREACHABLE_CODE = YES;
				CLANG_WARN__DUPLICATE_METHOD_MATCH = YES;
				COPY_PHASE_STRIP = NO;
				DEBUG_INFORMATION_FORMAT = "dwarf-with-dsym";
				ENABLE_NS_ASSERTIONS = NO;
				ENABLE_STRICT_OBJC_MSGSEND = YES;
				ENABLE_USER_SCRIPT_SANDBOXING = YES;
				GCC_C_LANGUAGE_STANDARD = gnu17;
				GCC_NO_COMMON_BLOCKS = YES;
				GCC_WARN_64_TO_32_BIT_CONVERSION = YES;
				GCC_WARN_ABOUT_RETURN_TYPE = YES_ERROR;
				GCC_WARN_UNDECLARED_SELECTOR = YES;
				GCC_WARN_UNINITIALIZED_AUTOS = YES_AGGRESSIVE;
				GCC_WARN_UNUSED_FUNCTION = YES;
				GCC_WARN_UNUSED_VARIABLE = YES;
				IPHONEOS_DEPLOYMENT_TARGET = 17.4;
				LOCALIZATION_PREFERS_STRING_CATALOGS = YES;
				MTL_ENABLE_DEBUG_INFO = NO;
				MTL_FAST_MATH = YES;
				SDKROOT = iphoneos;
				SWIFT_COMPILATION_MODE = wholemodule;
				VALIDATE_PRODUCT = YES;
			};
			name = Release;
		};
		8BEA87D82BE9CD3400620554 /* Debug */ = {
			isa = XCBuildConfiguration;
			buildSettings = {
				ASSETCATALOG_COMPILER_APPICON_NAME = AppIcon;
				ASSETCATALOG_COMPILER_GLOBAL_ACCENT_COLOR_NAME = AccentColor;
				CODE_SIGN_STYLE = Automatic;
				CURRENT_PROJECT_VERSION = 1;
				DEVELOPMENT_TEAM = S8YQN7N24J;
				GENERATE_INFOPLIST_FILE = YES;
				INFOPLIST_FILE = MoviceChart/Info.plist;
				INFOPLIST_KEY_UIApplicationSupportsIndirectInputEvents = YES;
				INFOPLIST_KEY_UILaunchStoryboardName = LaunchScreen;
				INFOPLIST_KEY_UIMainStoryboardFile = Main;
				INFOPLIST_KEY_UISupportedInterfaceOrientations_iPad = "UIInterfaceOrientationPortrait UIInterfaceOrientationPortraitUpsideDown UIInterfaceOrientationLandscapeLeft UIInterfaceOrientationLandscapeRight";
				INFOPLIST_KEY_UISupportedInterfaceOrientations_iPhone = "UIInterfaceOrientationPortrait UIInterfaceOrientationLandscapeLeft UIInterfaceOrientationLandscapeRight";
				LD_RUNPATH_SEARCH_PATHS = (
					"$(inherited)",
					"@executable_path/Frameworks",
				);
				MARKETING_VERSION = 1.0;
				PRODUCT_BUNDLE_IDENTIFIER = org.test.MoviceChart;
				PRODUCT_NAME = "$(TARGET_NAME)";
				SWIFT_EMIT_LOC_STRINGS = YES;
				SWIFT_VERSION = 5.0;
				TARGETED_DEVICE_FAMILY = "1,2";
			};
			name = Debug;
		};
		8BEA87D92BE9CD3400620554 /* Release */ = {
			isa = XCBuildConfiguration;
			buildSettings = {
				ASSETCATALOG_COMPILER_APPICON_NAME = AppIcon;
				ASSETCATALOG_COMPILER_GLOBAL_ACCENT_COLOR_NAME = AccentColor;
				CODE_SIGN_STYLE = Automatic;
				CURRENT_PROJECT_VERSION = 1;
				DEVELOPMENT_TEAM = S8YQN7N24J;
				GENERATE_INFOPLIST_FILE = YES;
				INFOPLIST_FILE = MoviceChart/Info.plist;
				INFOPLIST_KEY_UIApplicationSupportsIndirectInputEvents = YES;
				INFOPLIST_KEY_UILaunchStoryboardName = LaunchScreen;
				INFOPLIST_KEY_UIMainStoryboardFile = Main;
				INFOPLIST_KEY_UISupportedInterfaceOrientations_iPad = "UIInterfaceOrientationPortrait UIInterfaceOrientationPortraitUpsideDown UIInterfaceOrientationLandscapeLeft UIInterfaceOrientationLandscapeRight";
				INFOPLIST_KEY_UISupportedInterfaceOrientations_iPhone = "UIInterfaceOrientationPortrait UIInterfaceOrientationLandscapeLeft UIInterfaceOrientationLandscapeRight";
				LD_RUNPATH_SEARCH_PATHS = (
					"$(inherited)",
					"@executable_path/Frameworks",
				);
				MARKETING_VERSION = 1.0;
				PRODUCT_BUNDLE_IDENTIFIER = org.test.MoviceChart;
				PRODUCT_NAME = "$(TARGET_NAME)";
				SWIFT_EMIT_LOC_STRINGS = YES;
				SWIFT_VERSION = 5.0;
				TARGETED_DEVICE_FAMILY = "1,2";
			};
			name = Release;
		};
		8BEA87DB2BE9CD3400620554 /* Debug */ = {
			isa = XCBuildConfiguration;
			buildSettings = {
				ALWAYS_EMBED_SWIFT_STANDARD_LIBRARIES = YES;
				BUNDLE_LOADER = "$(TEST_HOST)";
				CODE_SIGN_STYLE = Automatic;
				CURRENT_PROJECT_VERSION = 1;
				DEVELOPMENT_TEAM = S8YQN7N24J;
				GENERATE_INFOPLIST_FILE = YES;
				IPHONEOS_DEPLOYMENT_TARGET = 17.4;
				MARKETING_VERSION = 1.0;
				PRODUCT_BUNDLE_IDENTIFIER = org.test.MoviceChartTests;
				PRODUCT_NAME = "$(TARGET_NAME)";
				SWIFT_EMIT_LOC_STRINGS = NO;
				SWIFT_VERSION = 5.0;
				TARGETED_DEVICE_FAMILY = "1,2";
				TEST_HOST = "$(BUILT_PRODUCTS_DIR)/MoviceChart.app/$(BUNDLE_EXECUTABLE_FOLDER_PATH)/MoviceChart";
			};
			name = Debug;
		};
		8BEA87DC2BE9CD3400620554 /* Release */ = {
			isa = XCBuildConfiguration;
			buildSettings = {
				ALWAYS_EMBED_SWIFT_STANDARD_LIBRARIES = YES;
				BUNDLE_LOADER = "$(TEST_HOST)";
				CODE_SIGN_STYLE = Automatic;
				CURRENT_PROJECT_VERSION = 1;
				DEVELOPMENT_TEAM = S8YQN7N24J;
				GENERATE_INFOPLIST_FILE = YES;
				IPHONEOS_DEPLOYMENT_TARGET = 17.4;
				MARKETING_VERSION = 1.0;
				PRODUCT_BUNDLE_IDENTIFIER = org.test.MoviceChartTests;
				PRODUCT_NAME = "$(TARGET_NAME)";
				SWIFT_EMIT_LOC_STRINGS = NO;
				SWIFT_VERSION = 5.0;
				TARGETED_DEVICE_FAMILY = "1,2";
				TEST_HOST = "$(BUILT_PRODUCTS_DIR)/MoviceChart.app/$(BUNDLE_EXECUTABLE_FOLDER_PATH)/MoviceChart";
			};
			name = Release;
		};
		8BEA87DE2BE9CD3400620554 /* Debug */ = {
			isa = XCBuildConfiguration;
			buildSettings = {
				ALWAYS_EMBED_SWIFT_STANDARD_LIBRARIES = YES;
				CODE_SIGN_STYLE = Automatic;
				CURRENT_PROJECT_VERSION = 1;
				DEVELOPMENT_TEAM = S8YQN7N24J;
				GENERATE_INFOPLIST_FILE = YES;
				MARKETING_VERSION = 1.0;
				PRODUCT_BUNDLE_IDENTIFIER = org.test.MoviceChartUITests;
				PRODUCT_NAME = "$(TARGET_NAME)";
				SWIFT_EMIT_LOC_STRINGS = NO;
				SWIFT_VERSION = 5.0;
				TARGETED_DEVICE_FAMILY = "1,2";
				TEST_TARGET_NAME = MoviceChart;
			};
			name = Debug;
		};
		8BEA87DF2BE9CD3400620554 /* Release */ = {
			isa = XCBuildConfiguration;
			buildSettings = {
				ALWAYS_EMBED_SWIFT_STANDARD_LIBRARIES = YES;
				CODE_SIGN_STYLE = Automatic;
				CURRENT_PROJECT_VERSION = 1;
				DEVELOPMENT_TEAM = S8YQN7N24J;
				GENERATE_INFOPLIST_FILE = YES;
				MARKETING_VERSION = 1.0;
				PRODUCT_BUNDLE_IDENTIFIER = org.test.MoviceChartUITests;
				PRODUCT_NAME = "$(TARGET_NAME)";
				SWIFT_EMIT_LOC_STRINGS = NO;
				SWIFT_VERSION = 5.0;
				TARGETED_DEVICE_FAMILY = "1,2";
				TEST_TARGET_NAME = MoviceChart;
			};
			name = Release;
		};
/* End XCBuildConfiguration section */

/* Begin XCConfigurationList section */
		8BEA87A82BE9CD3100620554 /* Build configuration list for PBXProject "MoviceChart" */ = {
			isa = XCConfigurationList;
			buildConfigurations = (
				8BEA87D52BE9CD3400620554 /* Debug */,
				8BEA87D62BE9CD3400620554 /* Release */,
			);
			defaultConfigurationIsVisible = 0;
			defaultConfigurationName = Release;
		};
		8BEA87D72BE9CD3400620554 /* Build configuration list for PBXNativeTarget "MoviceChart" */ = {
			isa = XCConfigurationList;
			buildConfigurations = (
				8BEA87D82BE9CD3400620554 /* Debug */,
				8BEA87D92BE9CD3400620554 /* Release */,
			);
			defaultConfigurationIsVisible = 0;
			defaultConfigurationName = Release;
		};
		8BEA87DA2BE9CD3400620554 /* Build configuration list for PBXNativeTarget "MoviceChartTests" */ = {
			isa = XCConfigurationList;
			buildConfigurations = (
				8BEA87DB2BE9CD3400620554 /* Debug */,
				8BEA87DC2BE9CD3400620554 /* Release */,
			);
			defaultConfigurationIsVisible = 0;
			defaultConfigurationName = Release;
		};
		8BEA87DD2BE9CD3400620554 /* Build configuration list for PBXNativeTarget "MoviceChartUITests" */ = {
			isa = XCConfigurationList;
			buildConfigurations = (
				8BEA87DE2BE9CD3400620554 /* Debug */,
				8BEA87DF2BE9CD3400620554 /* Release */,
			);
			defaultConfigurationIsVisible = 0;
			defaultConfigurationName = Release;
		};
/* End XCConfigurationList section */
	};
	rootObject = 8BEA87A52BE9CD3100620554 /* Project object */;
}
