// !$*UTF8*$!
{
	archiveVersion = 1;
	classes = {
	};
	objectVersion = 56;
	objects = {

/* Begin PBXBuildFile section */
		3FE07A9B2BF53EC000165902 /* AppDelegate.swift in Sources */ = {isa = PBXBuildFile; fileRef = 3FE07A9A2BF53EC000165902 /* AppDelegate.swift */; };
		3FE07A9D2BF53EC000165902 /* SceneDelegate.swift in Sources */ = {isa = PBXBuildFile; fileRef = 3FE07A9C2BF53EC000165902 /* SceneDelegate.swift */; };
		3FE07A9F2BF53EC000165902 /* MemberListViewController.swift in Sources */ = {isa = PBXBuildFile; fileRef = 3FE07A9E2BF53EC000165902 /* MemberListViewController.swift */; };
		3FE07AA22BF53EC000165902 /* Main.storyboard in Resources */ = {isa = PBXBuildFile; fileRef = 3FE07AA02BF53EC000165902 /* Main.storyboard */; };
		3FE07AA42BF53EC100165902 /* Assets.xcassets in Resources */ = {isa = PBXBuildFile; fileRef = 3FE07AA32BF53EC100165902 /* Assets.xcassets */; };
		3FE07AA72BF53EC100165902 /* LaunchScreen.storyboard in Resources */ = {isa = PBXBuildFile; fileRef = 3FE07AA52BF53EC100165902 /* LaunchScreen.storyboard */; };
		3FE07AAF2BF540D500165902 /* MemberManager.swift in Sources */ = {isa = PBXBuildFile; fileRef = 3FE07AAE2BF540D500165902 /* MemberManager.swift */; };
		3FE07AB12BF5497000165902 /* AddMemberViewController.swift in Sources */ = {isa = PBXBuildFile; fileRef = 3FE07AB02BF5497000165902 /* AddMemberViewController.swift */; };
		3FE07ABE2BF5576700165902 /* MemberCell.swift in Sources */ = {isa = PBXBuildFile; fileRef = 3FE07ABC2BF5576700165902 /* MemberCell.swift */; };
		3FE07ABF2BF5576700165902 /* MemberCell.xib in Resources */ = {isa = PBXBuildFile; fileRef = 3FE07ABD2BF5576700165902 /* MemberCell.xib */; };
		3FE07AC12BF55ECA00165902 /* DetailMemberViewController.swift in Sources */ = {isa = PBXBuildFile; fileRef = 3FE07AC02BF55ECA00165902 /* DetailMemberViewController.swift */; };
/* End PBXBuildFile section */

/* Begin PBXFileReference section */
		3FE07A972BF53EC000165902 /* MemberListApp.app */ = {isa = PBXFileReference; explicitFileType = wrapper.application; includeInIndex = 0; path = MemberListApp.app; sourceTree = BUILT_PRODUCTS_DIR; };
		3FE07A9A2BF53EC000165902 /* AppDelegate.swift */ = {isa = PBXFileReference; lastKnownFileType = sourcecode.swift; path = AppDelegate.swift; sourceTree = "<group>"; };
		3FE07A9C2BF53EC000165902 /* SceneDelegate.swift */ = {isa = PBXFileReference; lastKnownFileType = sourcecode.swift; path = SceneDelegate.swift; sourceTree = "<group>"; };
		3FE07A9E2BF53EC000165902 /* MemberListViewController.swift */ = {isa = PBXFileReference; lastKnownFileType = sourcecode.swift; path = MemberListViewController.swift; sourceTree = "<group>"; };
		3FE07AA12BF53EC000165902 /* Base */ = {isa = PBXFileReference; lastKnownFileType = file.storyboard; name = Base; path = Base.lproj/Main.storyboard; sourceTree = "<group>"; };
		3FE07AA32BF53EC100165902 /* Assets.xcassets */ = {isa = PBXFileReference; lastKnownFileType = folder.assetcatalog; path = Assets.xcassets; sourceTree = "<group>"; };
		3FE07AA62BF53EC100165902 /* Base */ = {isa = PBXFileReference; lastKnownFileType = file.storyboard; name = Base; path = Base.lproj/LaunchScreen.storyboard; sourceTree = "<group>"; };
		3FE07AA82BF53EC100165902 /* Info.plist */ = {isa = PBXFileReference; lastKnownFileType = text.plist.xml; path = Info.plist; sourceTree = "<group>"; };
		3FE07AAE2BF540D500165902 /* MemberManager.swift */ = {isa = PBXFileReference; lastKnownFileType = sourcecode.swift; path = MemberManager.swift; sourceTree = "<group>"; };
		3FE07AB02BF5497000165902 /* AddMemberViewController.swift */ = {isa = PBXFileReference; lastKnownFileType = sourcecode.swift; path = AddMemberViewController.swift; sourceTree = "<group>"; };
		3FE07ABC2BF5576700165902 /* MemberCell.swift */ = {isa = PBXFileReference; lastKnownFileType = sourcecode.swift; path = MemberCell.swift; sourceTree = "<group>"; };
		3FE07ABD2BF5576700165902 /* MemberCell.xib */ = {isa = PBXFileReference; lastKnownFileType = file.xib; path = MemberCell.xib; sourceTree = "<group>"; };
		3FE07AC02BF55ECA00165902 /* DetailMemberViewController.swift */ = {isa = PBXFileReference; lastKnownFileType = sourcecode.swift; path = DetailMemberViewController.swift; sourceTree = "<group>"; };
/* End PBXFileReference section */

/* Begin PBXFrameworksBuildPhase section */
		3FE07A942BF53EC000165902 /* Frameworks */ = {
			isa = PBXFrameworksBuildPhase;
			buildActionMask = 2147483647;
			files = (
			);
			runOnlyForDeploymentPostprocessing = 0;
		};
/* End PBXFrameworksBuildPhase section */

/* Begin PBXGroup section */
		3FE07A8E2BF53EC000165902 = {
			isa = PBXGroup;
			children = (
				3FE07A992BF53EC000165902 /* MemberListApp */,
				3FE07A982BF53EC000165902 /* Products */,
			);
			sourceTree = "<group>";
		};
		3FE07A982BF53EC000165902 /* Products */ = {
			isa = PBXGroup;
			children = (
				3FE07A972BF53EC000165902 /* MemberListApp.app */,
			);
			name = Products;
			sourceTree = "<group>";
		};
		3FE07A992BF53EC000165902 /* MemberListApp */ = {
			isa = PBXGroup;
			children = (
				3FE07A9A2BF53EC000165902 /* AppDelegate.swift */,
				3FE07A9C2BF53EC000165902 /* SceneDelegate.swift */,
				3FE07A9E2BF53EC000165902 /* MemberListViewController.swift */,
				3FE07AA02BF53EC000165902 /* Main.storyboard */,
				3FE07AA32BF53EC100165902 /* Assets.xcassets */,
				3FE07AA52BF53EC100165902 /* LaunchScreen.storyboard */,
				3FE07AA82BF53EC100165902 /* Info.plist */,
				3FE07AAE2BF540D500165902 /* MemberManager.swift */,
				3FE07AB02BF5497000165902 /* AddMemberViewController.swift */,
				3FE07ABC2BF5576700165902 /* MemberCell.swift */,
				3FE07ABD2BF5576700165902 /* MemberCell.xib */,
				3FE07AC02BF55ECA00165902 /* DetailMemberViewController.swift */,
			);
			path = MemberListApp;
			sourceTree = "<group>";
		};
/* End PBXGroup section */

/* Begin PBXNativeTarget section */
		3FE07A962BF53EC000165902 /* MemberListApp */ = {
			isa = PBXNativeTarget;
			buildConfigurationList = 3FE07AAB2BF53EC100165902 /* Build configuration list for PBXNativeTarget "MemberListApp" */;
			buildPhases = (
				3FE07A932BF53EC000165902 /* Sources */,
				3FE07A942BF53EC000165902 /* Frameworks */,
				3FE07A952BF53EC000165902 /* Resources */,
			);
			buildRules = (
			);
			dependencies = (
			);
			name = MemberListApp;
			productName = MemberListApp;
			productReference = 3FE07A972BF53EC000165902 /* MemberListApp.app */;
			productType = "com.apple.product-type.application";
		};
/* End PBXNativeTarget section */

/* Begin PBXProject section */
		3FE07A8F2BF53EC000165902 /* Project object */ = {
			isa = PBXProject;
			attributes = {
				BuildIndependentTargetsInParallel = 1;
				LastSwiftUpdateCheck = 1520;
				LastUpgradeCheck = 1520;
				TargetAttributes = {
					3FE07A962BF53EC000165902 = {
						CreatedOnToolsVersion = 15.2;
					};
				};
			};
			buildConfigurationList = 3FE07A922BF53EC000165902 /* Build configuration list for PBXProject "MemberListApp" */;
			compatibilityVersion = "Xcode 14.0";
			developmentRegion = en;
			hasScannedForEncodings = 0;
			knownRegions = (
				en,
				Base,
			);
			mainGroup = 3FE07A8E2BF53EC000165902;
			productRefGroup = 3FE07A982BF53EC000165902 /* Products */;
			projectDirPath = "";
			projectRoot = "";
			targets = (
				3FE07A962BF53EC000165902 /* MemberListApp */,
			);
		};
/* End PBXProject section */

/* Begin PBXResourcesBuildPhase section */
		3FE07A952BF53EC000165902 /* Resources */ = {
			isa = PBXResourcesBuildPhase;
			buildActionMask = 2147483647;
			files = (
				3FE07AA72BF53EC100165902 /* LaunchScreen.storyboard in Resources */,
				3FE07AA42BF53EC100165902 /* Assets.xcassets in Resources */,
				3FE07AA22BF53EC000165902 /* Main.storyboard in Resources */,
				3FE07ABF2BF5576700165902 /* MemberCell.xib in Resources */,
			);
			runOnlyForDeploymentPostprocessing = 0;
		};
/* End PBXResourcesBuildPhase section */

/* Begin PBXSourcesBuildPhase section */
		3FE07A932BF53EC000165902 /* Sources */ = {
			isa = PBXSourcesBuildPhase;
			buildActionMask = 2147483647;
			files = (
				3FE07A9F2BF53EC000165902 /* MemberListViewController.swift in Sources */,
				3FE07AC12BF55ECA00165902 /* DetailMemberViewController.swift in Sources */,
				3FE07A9B2BF53EC000165902 /* AppDelegate.swift in Sources */,
				3FE07AB12BF5497000165902 /* AddMemberViewController.swift in Sources */,
				3FE07A9D2BF53EC000165902 /* SceneDelegate.swift in Sources */,
				3FE07ABE2BF5576700165902 /* MemberCell.swift in Sources */,
				3FE07AAF2BF540D500165902 /* MemberManager.swift in Sources */,
			);
			runOnlyForDeploymentPostprocessing = 0;
		};
/* End PBXSourcesBuildPhase section */

/* Begin PBXVariantGroup section */
		3FE07AA02BF53EC000165902 /* Main.storyboard */ = {
			isa = PBXVariantGroup;
			children = (
				3FE07AA12BF53EC000165902 /* Base */,
			);
			name = Main.storyboard;
			sourceTree = "<group>";
		};
		3FE07AA52BF53EC100165902 /* LaunchScreen.storyboard */ = {
			isa = PBXVariantGroup;
			children = (
				3FE07AA62BF53EC100165902 /* Base */,
			);
			name = LaunchScreen.storyboard;
			sourceTree = "<group>";
		};
/* End PBXVariantGroup section */

/* Begin XCBuildConfiguration section */
		3FE07AA92BF53EC100165902 /* Debug */ = {
			isa = XCBuildConfiguration;
			buildSettings = {
				ALWAYS_SEARCH_USER_PATHS = NO;
				ASSETCATALOG_COMPILER_GENERATE_SWIFT_ASSET_SYMBOL_EXTENSIONS = YES;
				CLANG_ANALYZER_NONNULL = YES;
				CLANG_ANALYZER_NUMBER_OBJECT_CONVERSION = YES_AGGRESSIVE;
				CLANG_CXX_LANGUAGE_STANDARD = "gnu++20";
				CLANG_ENABLE_MODULES = YES;
				CLANG_ENABLE_OBJC_ARC = YES;
				CLANG_ENABLE_OBJC_WEAK = YES;
				CLANG_WARN_BLOCK_CAPTURE_AUTORELEASING = YES;
				CLANG_WARN_BOOL_CONVERSION = YES;
				CLANG_WARN_COMMA = YES;
				CLANG_WARN_CONSTANT_CONVERSION = YES;
				CLANG_WARN_DEPRECATED_OBJC_IMPLEMENTATIONS = YES;
				CLANG_WARN_DIRECT_OBJC_ISA_USAGE = YES_ERROR;
				CLANG_WARN_DOCUMENTATION_COMMENTS = YES;
				CLANG_WARN_EMPTY_BODY = YES;
				CLANG_WARN_ENUM_CONVERSION = YES;
				CLANG_WARN_INFINITE_RECURSION = YES;
				CLANG_WARN_INT_CONVERSION = YES;
				CLANG_WARN_NON_LITERAL_NULL_CONVERSION = YES;
				CLANG_WARN_OBJC_IMPLICIT_RETAIN_SELF = YES;
				CLANG_WARN_OBJC_LITERAL_CONVERSION = YES;
				CLANG_WARN_OBJC_ROOT_CLASS = YES_ERROR;
				CLANG_WARN_QUOTED_INCLUDE_IN_FRAMEWORK_HEADER = YES;
				CLANG_WARN_RANGE_LOOP_ANALYSIS = YES;
				CLANG_WARN_STRICT_PROTOTYPES = YES;
				CLANG_WARN_SUSPICIOUS_MOVE = YES;
				CLANG_WARN_UNGUARDED_AVAILABILITY = YES_AGGRESSIVE;
				CLANG_WARN_UNREACHABLE_CODE = YES;
				CLANG_WARN__DUPLICATE_METHOD_MATCH = YES;
				COPY_PHASE_STRIP = NO;
				DEBUG_INFORMATION_FORMAT = dwarf;
				ENABLE_STRICT_OBJC_MSGSEND = YES;
				ENABLE_TESTABILITY = YES;
				ENABLE_USER_SCRIPT_SANDBOXING = YES;
				GCC_C_LANGUAGE_STANDARD = gnu17;
				GCC_DYNAMIC_NO_PIC = NO;
				GCC_NO_COMMON_BLOCKS = YES;
				GCC_OPTIMIZATION_LEVEL = 0;
				GCC_PREPROCESSOR_DEFINITIONS = (
					"DEBUG=1",
					"$(inherited)",
				);
				GCC_WARN_64_TO_32_BIT_CONVERSION = YES;
				GCC_WARN_ABOUT_RETURN_TYPE = YES_ERROR;
				GCC_WARN_UNDECLARED_SELECTOR = YES;
				GCC_WARN_UNINITIALIZED_AUTOS = YES_AGGRESSIVE;
				GCC_WARN_UNUSED_FUNCTION = YES;
				GCC_WARN_UNUSED_VARIABLE = YES;
				IPHONEOS_DEPLOYMENT_TARGET = 17.2;
				LOCALIZATION_PREFERS_STRING_CATALOGS = YES;
				MTL_ENABLE_DEBUG_INFO = INCLUDE_SOURCE;
				MTL_FAST_MATH = YES;
				ONLY_ACTIVE_ARCH = YES;
				SDKROOT = iphoneos;
				SWIFT_ACTIVE_COMPILATION_CONDITIONS = "DEBUG $(inherited)";
				SWIFT_OPTIMIZATION_LEVEL = "-Onone";
			};
			name = Debug;
		};
		3FE07AAA2BF53EC100165902 /* Release */ = {
			isa = XCBuildConfiguration;
			buildSettings = {
				ALWAYS_SEARCH_USER_PATHS = NO;
				ASSETCATALOG_COMPILER_GENERATE_SWIFT_ASSET_SYMBOL_EXTENSIONS = YES;
				CLANG_ANALYZER_NONNULL = YES;
				CLANG_ANALYZER_NUMBER_OBJECT_CONVERSION = YES_AGGRESSIVE;
				CLANG_CXX_LANGUAGE_STANDARD = "gnu++20";
				CLANG_ENABLE_MODULES = YES;
				CLANG_ENABLE_OBJC_ARC = YES;
				CLANG_ENABLE_OBJC_WEAK = YES;
				CLANG_WARN_BLOCK_CAPTURE_AUTORELEASING = YES;
				CLANG_WARN_BOOL_CONVERSION = YES;
				CLANG_WARN_COMMA = YES;
				CLANG_WARN_CONSTANT_CONVERSION = YES;
				CLANG_WARN_DEPRECATED_OBJC_IMPLEMENTATIONS = YES;
				CLANG_WARN_DIRECT_OBJC_ISA_USAGE = YES_ERROR;
				CLANG_WARN_DOCUMENTATION_COMMENTS = YES;
				CLANG_WARN_EMPTY_BODY = YES;
				CLANG_WARN_ENUM_CONVERSION = YES;
				CLANG_WARN_INFINITE_RECURSION = YES;
				CLANG_WARN_INT_CONVERSION = YES;
				CLANG_WARN_NON_LITERAL_NULL_CONVERSION = YES;
				CLANG_WARN_OBJC_IMPLICIT_RETAIN_SELF = YES;
				CLANG_WARN_OBJC_LITERAL_CONVERSION = YES;
				CLANG_WARN_OBJC_ROOT_CLASS = YES_ERROR;
				CLANG_WARN_QUOTED_INCLUDE_IN_FRAMEWORK_HEADER = YES;
				CLANG_WARN_RANGE_LOOP_ANALYSIS = YES;
				CLANG_WARN_STRICT_PROTOTYPES = YES;
				CLANG_WARN_SUSPICIOUS_MOVE = YES;
				CLANG_WARN_UNGUARDED_AVAILABILITY = YES_AGGRESSIVE;
				CLANG_WARN_UNREACHABLE_CODE = YES;
				CLANG_WARN__DUPLICATE_METHOD_MATCH = YES;
				COPY_PHASE_STRIP = NO;
				DEBUG_INFORMATION_FORMAT = "dwarf-with-dsym";
				ENABLE_NS_ASSERTIONS = NO;
				ENABLE_STRICT_OBJC_MSGSEND = YES;
				ENABLE_USER_SCRIPT_SANDBOXING = YES;
				GCC_C_LANGUAGE_STANDARD = gnu17;
				GCC_NO_COMMON_BLOCKS = YES;
				GCC_WARN_64_TO_32_BIT_CONVERSION = YES;
				GCC_WARN_ABOUT_RETURN_TYPE = YES_ERROR;
				GCC_WARN_UNDECLARED_SELECTOR = YES;
				GCC_WARN_UNINITIALIZED_AUTOS = YES_AGGRESSIVE;
				GCC_WARN_UNUSED_FUNCTION = YES;
				GCC_WARN_UNUSED_VARIABLE = YES;
				IPHONEOS_DEPLOYMENT_TARGET = 17.2;
				LOCALIZATION_PREFERS_STRING_CATALOGS = YES;
				MTL_ENABLE_DEBUG_INFO = NO;
				MTL_FAST_MATH = YES;
				SDKROOT = iphoneos;
				SWIFT_COMPILATION_MODE = wholemodule;
				VALIDATE_PRODUCT = YES;
			};
			name = Release;
		};
		3FE07AAC2BF53EC100165902 /* Debug */ = {
			isa = XCBuildConfiguration;
			buildSettings = {
				ASSETCATALOG_COMPILER_APPICON_NAME = AppIcon;
				ASSETCATALOG_COMPILER_GLOBAL_ACCENT_COLOR_NAME = AccentColor;
				CODE_SIGN_STYLE = Automatic;
				CURRENT_PROJECT_VERSION = 1;
				DEVELOPMENT_TEAM = 3S2S9T38QB;
				GENERATE_INFOPLIST_FILE = YES;
				INFOPLIST_FILE = MemberListApp/Info.plist;
				INFOPLIST_KEY_UIApplicationSupportsIndirectInputEvents = YES;
				INFOPLIST_KEY_UILaunchStoryboardName = LaunchScreen;
				INFOPLIST_KEY_UIMainStoryboardFile = Main;
				INFOPLIST_KEY_UISupportedInterfaceOrientations_iPad = "UIInterfaceOrientationPortrait UIInterfaceOrientationPortraitUpsideDown UIInterfaceOrientationLandscapeLeft UIInterfaceOrientationLandscapeRight";
				INFOPLIST_KEY_UISupportedInterfaceOrientations_iPhone = "UIInterfaceOrientationPortrait UIInterfaceOrientationLandscapeLeft UIInterfaceOrientationLandscapeRight";
				LD_RUNPATH_SEARCH_PATHS = (
					"$(inherited)",
					"@executable_path/Frameworks",
				);
				MARKETING_VERSION = 1.0;
				PRODUCT_BUNDLE_IDENTIFIER = com.dinstudio.MemberListApp;
				PRODUCT_NAME = "$(TARGET_NAME)";
				SWIFT_EMIT_LOC_STRINGS = YES;
				SWIFT_VERSION = 5.0;
				TARGETED_DEVICE_FAMILY = "1,2";
			};
			name = Debug;
		};
		3FE07AAD2BF53EC100165902 /* Release */ = {
			isa = XCBuildConfiguration;
			buildSettings = {
				ASSETCATALOG_COMPILER_APPICON_NAME = AppIcon;
				ASSETCATALOG_COMPILER_GLOBAL_ACCENT_COLOR_NAME = AccentColor;
				CODE_SIGN_STYLE = Automatic;
				CURRENT_PROJECT_VERSION = 1;
				DEVELOPMENT_TEAM = 3S2S9T38QB;
				GENERATE_INFOPLIST_FILE = YES;
				INFOPLIST_FILE = MemberListApp/Info.plist;
				INFOPLIST_KEY_UIApplicationSupportsIndirectInputEvents = YES;
				INFOPLIST_KEY_UILaunchStoryboardName = LaunchScreen;
				INFOPLIST_KEY_UIMainStoryboardFile = Main;
				INFOPLIST_KEY_UISupportedInterfaceOrientations_iPad = "UIInterfaceOrientationPortrait UIInterfaceOrientationPortraitUpsideDown UIInterfaceOrientationLandscapeLeft UIInterfaceOrientationLandscapeRight";
				INFOPLIST_KEY_UISupportedInterfaceOrientations_iPhone = "UIInterfaceOrientationPortrait UIInterfaceOrientationLandscapeLeft UIInterfaceOrientationLandscapeRight";
				LD_RUNPATH_SEARCH_PATHS = (
					"$(inherited)",
					"@executable_path/Frameworks",
				);
				MARKETING_VERSION = 1.0;
				PRODUCT_BUNDLE_IDENTIFIER = com.dinstudio.MemberListApp;
				PRODUCT_NAME = "$(TARGET_NAME)";
				SWIFT_EMIT_LOC_STRINGS = YES;
				SWIFT_VERSION = 5.0;
				TARGETED_DEVICE_FAMILY = "1,2";
			};
			name = Release;
		};
/* End XCBuildConfiguration section */

/* Begin XCConfigurationList section */
		3FE07A922BF53EC000165902 /* Build configuration list for PBXProject "MemberListApp" */ = {
			isa = XCConfigurationList;
			buildConfigurations = (
				3FE07AA92BF53EC100165902 /* Debug */,
				3FE07AAA2BF53EC100165902 /* Release */,
			);
			defaultConfigurationIsVisible = 0;
			defaultConfigurationName = Release;
		};
		3FE07AAB2BF53EC100165902 /* Build configuration list for PBXNativeTarget "MemberListApp" */ = {
			isa = XCConfigurationList;
			buildConfigurations = (
				3FE07AAC2BF53EC100165902 /* Debug */,
				3FE07AAD2BF53EC100165902 /* Release */,
			);
			defaultConfigurationIsVisible = 0;
			defaultConfigurationName = Release;
		};
/* End XCConfigurationList section */
	};
	rootObject = 3FE07A8F2BF53EC000165902 /* Project object */;
}
