// !$*UTF8*$!
{
	archiveVersion = 1;
	classes = {
	};
	objectVersion = 56;
	objects = {

/* Begin PBXBuildFile section */
		3F6F30A62BEA80F500DC4761 /* MovieListCell.swift in Sources */ = {isa = PBXBuildFile; fileRef = 3F6F30A42BEA80F500DC4761 /* MovieListCell.swift */; };
		3F6F30A72BEA80F500DC4761 /* MovieListCell.xib in Resources */ = {isa = PBXBuildFile; fileRef = 3F6F30A52BEA80F500DC4761 /* MovieListCell.xib */; };
		3F7399F32BEA6EDC007EE1B3 /* AppDelegate.swift in Sources */ = {isa = PBXBuildFile; fileRef = 3F7399F22BEA6EDC007EE1B3 /* AppDelegate.swift */; };
		3F7399F52BEA6EDC007EE1B3 /* SceneDelegate.swift in Sources */ = {isa = PBXBuildFile; fileRef = 3F7399F42BEA6EDC007EE1B3 /* SceneDelegate.swift */; };
		3F7399F72BEA6EDC007EE1B3 /* MainViewController.swift in Sources */ = {isa = PBXBuildFile; fileRef = 3F7399F62BEA6EDC007EE1B3 /* MainViewController.swift */; };
		3F7399FA2BEA6EDC007EE1B3 /* Main.storyboard in Resources */ = {isa = PBXBuildFile; fileRef = 3F7399F82BEA6EDC007EE1B3 /* Main.storyboard */; };
		3F7399FC2BEA6EDD007EE1B3 /* Assets.xcassets in Resources */ = {isa = PBXBuildFile; fileRef = 3F7399FB2BEA6EDD007EE1B3 /* Assets.xcassets */; };
		3F7399FF2BEA6EDD007EE1B3 /* LaunchScreen.storyboard in Resources */ = {isa = PBXBuildFile; fileRef = 3F7399FD2BEA6EDD007EE1B3 /* LaunchScreen.storyboard */; };
		3F739A072BEA72CD007EE1B3 /* Movies.swift in Sources */ = {isa = PBXBuildFile; fileRef = 3F739A062BEA72CD007EE1B3 /* Movies.swift */; };
		3FC296122BEADB9400C43CE9 /* DetailViewController.swift in Sources */ = {isa = PBXBuildFile; fileRef = 3FC296112BEADB9400C43CE9 /* DetailViewController.swift */; };
/* End PBXBuildFile section */

/* Begin PBXFileReference section */
		3F6F30A42BEA80F500DC4761 /* MovieListCell.swift */ = {isa = PBXFileReference; lastKnownFileType = sourcecode.swift; path = MovieListCell.swift; sourceTree = "<group>"; };
		3F6F30A52BEA80F500DC4761 /* MovieListCell.xib */ = {isa = PBXFileReference; lastKnownFileType = file.xib; path = MovieListCell.xib; sourceTree = "<group>"; };
		3F7399EF2BEA6EDC007EE1B3 /* MovieApp.app */ = {isa = PBXFileReference; explicitFileType = wrapper.application; includeInIndex = 0; path = MovieApp.app; sourceTree = BUILT_PRODUCTS_DIR; };
		3F7399F22BEA6EDC007EE1B3 /* AppDelegate.swift */ = {isa = PBXFileReference; lastKnownFileType = sourcecode.swift; path = AppDelegate.swift; sourceTree = "<group>"; };
		3F7399F42BEA6EDC007EE1B3 /* SceneDelegate.swift */ = {isa = PBXFileReference; lastKnownFileType = sourcecode.swift; path = SceneDelegate.swift; sourceTree = "<group>"; };
		3F7399F62BEA6EDC007EE1B3 /* MainViewController.swift */ = {isa = PBXFileReference; lastKnownFileType = sourcecode.swift; path = MainViewController.swift; sourceTree = "<group>"; };
		3F7399F92BEA6EDC007EE1B3 /* Base */ = {isa = PBXFileReference; lastKnownFileType = file.storyboard; name = Base; path = Base.lproj/Main.storyboard; sourceTree = "<group>"; };
		3F7399FB2BEA6EDD007EE1B3 /* Assets.xcassets */ = {isa = PBXFileReference; lastKnownFileType = folder.assetcatalog; path = Assets.xcassets; sourceTree = "<group>"; };
		3F7399FE2BEA6EDD007EE1B3 /* Base */ = {isa = PBXFileReference; lastKnownFileType = file.storyboard; name = Base; path = Base.lproj/LaunchScreen.storyboard; sourceTree = "<group>"; };
		3F739A002BEA6EDD007EE1B3 /* Info.plist */ = {isa = PBXFileReference; lastKnownFileType = text.plist.xml; path = Info.plist; sourceTree = "<group>"; };
		3F739A062BEA72CD007EE1B3 /* Movies.swift */ = {isa = PBXFileReference; lastKnownFileType = sourcecode.swift; path = Movies.swift; sourceTree = "<group>"; };
		3FC296112BEADB9400C43CE9 /* DetailViewController.swift */ = {isa = PBXFileReference; lastKnownFileType = sourcecode.swift; path = DetailViewController.swift; sourceTree = "<group>"; };
/* End PBXFileReference section */

/* Begin PBXFrameworksBuildPhase section */
		3F7399EC2BEA6EDC007EE1B3 /* Frameworks */ = {
			isa = PBXFrameworksBuildPhase;
			buildActionMask = 2147483647;
			files = (
			);
			runOnlyForDeploymentPostprocessing = 0;
		};
/* End PBXFrameworksBuildPhase section */

/* Begin PBXGroup section */
		3F7399E62BEA6EDC007EE1B3 = {
			isa = PBXGroup;
			children = (
				3F7399F12BEA6EDC007EE1B3 /* MovieApp */,
				3F7399F02BEA6EDC007EE1B3 /* Products */,
			);
			sourceTree = "<group>";
		};
		3F7399F02BEA6EDC007EE1B3 /* Products */ = {
			isa = PBXGroup;
			children = (
				3F7399EF2BEA6EDC007EE1B3 /* MovieApp.app */,
			);
			name = Products;
			sourceTree = "<group>";
		};
		3F7399F12BEA6EDC007EE1B3 /* MovieApp */ = {
			isa = PBXGroup;
			children = (
				3FE453122BEBBF6F0084FCCD /* Controllers */,
				3FE453112BEBBF670084FCCD /* Views */,
				3FE453102BEBBF5C0084FCCD /* Models */,
				3F7399F22BEA6EDC007EE1B3 /* AppDelegate.swift */,
				3F7399F42BEA6EDC007EE1B3 /* SceneDelegate.swift */,
				3F6F30A52BEA80F500DC4761 /* MovieListCell.xib */,
				3F7399FB2BEA6EDD007EE1B3 /* Assets.xcassets */,
				3F7399FD2BEA6EDD007EE1B3 /* LaunchScreen.storyboard */,
				3F739A002BEA6EDD007EE1B3 /* Info.plist */,
			);
			path = MovieApp;
			sourceTree = "<group>";
		};
		3FE453102BEBBF5C0084FCCD /* Models */ = {
			isa = PBXGroup;
			children = (
				3F739A062BEA72CD007EE1B3 /* Movies.swift */,
			);
			path = Models;
			sourceTree = "<group>";
		};
		3FE453112BEBBF670084FCCD /* Views */ = {
			isa = PBXGroup;
			children = (
				3F6F30A42BEA80F500DC4761 /* MovieListCell.swift */,
				3F7399F82BEA6EDC007EE1B3 /* Main.storyboard */,
			);
			path = Views;
			sourceTree = "<group>";
		};
		3FE453122BEBBF6F0084FCCD /* Controllers */ = {
			isa = PBXGroup;
			children = (
				3F7399F62BEA6EDC007EE1B3 /* MainViewController.swift */,
				3FC296112BEADB9400C43CE9 /* DetailViewController.swift */,
			);
			path = Controllers;
			sourceTree = "<group>";
		};
/* End PBXGroup section */

/* Begin PBXNativeTarget section */
		3F7399EE2BEA6EDC007EE1B3 /* MovieApp */ = {
			isa = PBXNativeTarget;
			buildConfigurationList = 3F739A032BEA6EDD007EE1B3 /* Build configuration list for PBXNativeTarget "MovieApp" */;
			buildPhases = (
				3F7399EB2BEA6EDC007EE1B3 /* Sources */,
				3F7399EC2BEA6EDC007EE1B3 /* Frameworks */,
				3F7399ED2BEA6EDC007EE1B3 /* Resources */,
			);
			buildRules = (
			);
			dependencies = (
			);
			name = MovieApp;
			productName = MovieApp;
			productReference = 3F7399EF2BEA6EDC007EE1B3 /* MovieApp.app */;
			productType = "com.apple.product-type.application";
		};
/* End PBXNativeTarget section */

/* Begin PBXProject section */
		3F7399E72BEA6EDC007EE1B3 /* Project object */ = {
			isa = PBXProject;
			attributes = {
				BuildIndependentTargetsInParallel = 1;
				LastSwiftUpdateCheck = 1520;
				LastUpgradeCheck = 1520;
				TargetAttributes = {
					3F7399EE2BEA6EDC007EE1B3 = {
						CreatedOnToolsVersion = 15.2;
					};
				};
			};
			buildConfigurationList = 3F7399EA2BEA6EDC007EE1B3 /* Build configuration list for PBXProject "MovieApp" */;
			compatibilityVersion = "Xcode 14.0";
			developmentRegion = en;
			hasScannedForEncodings = 0;
			knownRegions = (
				en,
				Base,
			);
			mainGroup = 3F7399E62BEA6EDC007EE1B3;
			productRefGroup = 3F7399F02BEA6EDC007EE1B3 /* Products */;
			projectDirPath = "";
			projectRoot = "";
			targets = (
				3F7399EE2BEA6EDC007EE1B3 /* MovieApp */,
			);
		};
/* End PBXProject section */

/* Begin PBXResourcesBuildPhase section */
		3F7399ED2BEA6EDC007EE1B3 /* Resources */ = {
			isa = PBXResourcesBuildPhase;
			buildActionMask = 2147483647;
			files = (
				3F7399FF2BEA6EDD007EE1B3 /* LaunchScreen.storyboard in Resources */,
				3F7399FC2BEA6EDD007EE1B3 /* Assets.xcassets in Resources */,
				3F6F30A72BEA80F500DC4761 /* MovieListCell.xib in Resources */,
				3F7399FA2BEA6EDC007EE1B3 /* Main.storyboard in Resources */,
			);
			runOnlyForDeploymentPostprocessing = 0;
		};
/* End PBXResourcesBuildPhase section */

/* Begin PBXSourcesBuildPhase section */
		3F7399EB2BEA6EDC007EE1B3 /* Sources */ = {
			isa = PBXSourcesBuildPhase;
			buildActionMask = 2147483647;
			files = (
				3F6F30A62BEA80F500DC4761 /* MovieListCell.swift in Sources */,
				3F7399F72BEA6EDC007EE1B3 /* MainViewController.swift in Sources */,
				3F7399F32BEA6EDC007EE1B3 /* AppDelegate.swift in Sources */,
				3FC296122BEADB9400C43CE9 /* DetailViewController.swift in Sources */,
				3F739A072BEA72CD007EE1B3 /* Movies.swift in Sources */,
				3F7399F52BEA6EDC007EE1B3 /* SceneDelegate.swift in Sources */,
			);
			runOnlyForDeploymentPostprocessing = 0;
		};
/* End PBXSourcesBuildPhase section */

/* Begin PBXVariantGroup section */
		3F7399F82BEA6EDC007EE1B3 /* Main.storyboard */ = {
			isa = PBXVariantGroup;
			children = (
				3F7399F92BEA6EDC007EE1B3 /* Base */,
			);
			name = Main.storyboard;
			sourceTree = "<group>";
		};
		3F7399FD2BEA6EDD007EE1B3 /* LaunchScreen.storyboard */ = {
			isa = PBXVariantGroup;
			children = (
				3F7399FE2BEA6EDD007EE1B3 /* Base */,
			);
			name = LaunchScreen.storyboard;
			sourceTree = "<group>";
		};
/* End PBXVariantGroup section */

/* Begin XCBuildConfiguration section */
		3F739A012BEA6EDD007EE1B3 /* Debug */ = {
			isa = XCBuildConfiguration;
			buildSettings = {
				ALWAYS_SEARCH_USER_PATHS = NO;
				ASSETCATALOG_COMPILER_GENERATE_SWIFT_ASSET_SYMBOL_EXTENSIONS = YES;
				CLANG_ANALYZER_NONNULL = YES;
				CLANG_ANALYZER_NUMBER_OBJECT_CONVERSION = YES_AGGRESSIVE;
				CLANG_CXX_LANGUAGE_STANDARD = "gnu++20";
				CLANG_ENABLE_MODULES = YES;
				CLANG_ENABLE_OBJC_ARC = YES;
				CLANG_ENABLE_OBJC_WEAK = YES;
				CLANG_WARN_BLOCK_CAPTURE_AUTORELEASING = YES;
				CLANG_WARN_BOOL_CONVERSION = YES;
				CLANG_WARN_COMMA = YES;
				CLANG_WARN_CONSTANT_CONVERSION = YES;
				CLANG_WARN_DEPRECATED_OBJC_IMPLEMENTATIONS = YES;
				CLANG_WARN_DIRECT_OBJC_ISA_USAGE = YES_ERROR;
				CLANG_WARN_DOCUMENTATION_COMMENTS = YES;
				CLANG_WARN_EMPTY_BODY = YES;
				CLANG_WARN_ENUM_CONVERSION = YES;
				CLANG_WARN_INFINITE_RECURSION = YES;
				CLANG_WARN_INT_CONVERSION = YES;
				CLANG_WARN_NON_LITERAL_NULL_CONVERSION = YES;
				CLANG_WARN_OBJC_IMPLICIT_RETAIN_SELF = YES;
				CLANG_WARN_OBJC_LITERAL_CONVERSION = YES;
				CLANG_WARN_OBJC_ROOT_CLASS = YES_ERROR;
				CLANG_WARN_QUOTED_INCLUDE_IN_FRAMEWORK_HEADER = YES;
				CLANG_WARN_RANGE_LOOP_ANALYSIS = YES;
				CLANG_WARN_STRICT_PROTOTYPES = YES;
				CLANG_WARN_SUSPICIOUS_MOVE = YES;
				CLANG_WARN_UNGUARDED_AVAILABILITY = YES_AGGRESSIVE;
				CLANG_WARN_UNREACHABLE_CODE = YES;
				CLANG_WARN__DUPLICATE_METHOD_MATCH = YES;
				COPY_PHASE_STRIP = NO;
				DEBUG_INFORMATION_FORMAT = dwarf;
				ENABLE_STRICT_OBJC_MSGSEND = YES;
				ENABLE_TESTABILITY = YES;
				ENABLE_USER_SCRIPT_SANDBOXING = YES;
				GCC_C_LANGUAGE_STANDARD = gnu17;
				GCC_DYNAMIC_NO_PIC = NO;
				GCC_NO_COMMON_BLOCKS = YES;
				GCC_OPTIMIZATION_LEVEL = 0;
				GCC_PREPROCESSOR_DEFINITIONS = (
					"DEBUG=1",
					"$(inherited)",
				);
				GCC_WARN_64_TO_32_BIT_CONVERSION = YES;
				GCC_WARN_ABOUT_RETURN_TYPE = YES_ERROR;
				GCC_WARN_UNDECLARED_SELECTOR = YES;
				GCC_WARN_UNINITIALIZED_AUTOS = YES_AGGRESSIVE;
				GCC_WARN_UNUSED_FUNCTION = YES;
				GCC_WARN_UNUSED_VARIABLE = YES;
				IPHONEOS_DEPLOYMENT_TARGET = 17.2;
				LOCALIZATION_PREFERS_STRING_CATALOGS = YES;
				MTL_ENABLE_DEBUG_INFO = INCLUDE_SOURCE;
				MTL_FAST_MATH = YES;
				ONLY_ACTIVE_ARCH = YES;
				SDKROOT = iphoneos;
				SWIFT_ACTIVE_COMPILATION_CONDITIONS = "DEBUG $(inherited)";
				SWIFT_OPTIMIZATION_LEVEL = "-Onone";
			};
			name = Debug;
		};
		3F739A022BEA6EDD007EE1B3 /* Release */ = {
			isa = XCBuildConfiguration;
			buildSettings = {
				ALWAYS_SEARCH_USER_PATHS = NO;
				ASSETCATALOG_COMPILER_GENERATE_SWIFT_ASSET_SYMBOL_EXTENSIONS = YES;
				CLANG_ANALYZER_NONNULL = YES;
				CLANG_ANALYZER_NUMBER_OBJECT_CONVERSION = YES_AGGRESSIVE;
				CLANG_CXX_LANGUAGE_STANDARD = "gnu++20";
				CLANG_ENABLE_MODULES = YES;
				CLANG_ENABLE_OBJC_ARC = YES;
				CLANG_ENABLE_OBJC_WEAK = YES;
				CLANG_WARN_BLOCK_CAPTURE_AUTORELEASING = YES;
				CLANG_WARN_BOOL_CONVERSION = YES;
				CLANG_WARN_COMMA = YES;
				CLANG_WARN_CONSTANT_CONVERSION = YES;
				CLANG_WARN_DEPRECATED_OBJC_IMPLEMENTATIONS = YES;
				CLANG_WARN_DIRECT_OBJC_ISA_USAGE = YES_ERROR;
				CLANG_WARN_DOCUMENTATION_COMMENTS = YES;
				CLANG_WARN_EMPTY_BODY = YES;
				CLANG_WARN_ENUM_CONVERSION = YES;
				CLANG_WARN_INFINITE_RECURSION = YES;
				CLANG_WARN_INT_CONVERSION = YES;
				CLANG_WARN_NON_LITERAL_NULL_CONVERSION = YES;
				CLANG_WARN_OBJC_IMPLICIT_RETAIN_SELF = YES;
				CLANG_WARN_OBJC_LITERAL_CONVERSION = YES;
				CLANG_WARN_OBJC_ROOT_CLASS = YES_ERROR;
				CLANG_WARN_QUOTED_INCLUDE_IN_FRAMEWORK_HEADER = YES;
				CLANG_WARN_RANGE_LOOP_ANALYSIS = YES;
				CLANG_WARN_STRICT_PROTOTYPES = YES;
				CLANG_WARN_SUSPICIOUS_MOVE = YES;
				CLANG_WARN_UNGUARDED_AVAILABILITY = YES_AGGRESSIVE;
				CLANG_WARN_UNREACHABLE_CODE = YES;
				CLANG_WARN__DUPLICATE_METHOD_MATCH = YES;
				COPY_PHASE_STRIP = NO;
				DEBUG_INFORMATION_FORMAT = "dwarf-with-dsym";
				ENABLE_NS_ASSERTIONS = NO;
				ENABLE_STRICT_OBJC_MSGSEND = YES;
				ENABLE_USER_SCRIPT_SANDBOXING = YES;
				GCC_C_LANGUAGE_STANDARD = gnu17;
				GCC_NO_COMMON_BLOCKS = YES;
				GCC_WARN_64_TO_32_BIT_CONVERSION = YES;
				GCC_WARN_ABOUT_RETURN_TYPE = YES_ERROR;
				GCC_WARN_UNDECLARED_SELECTOR = YES;
				GCC_WARN_UNINITIALIZED_AUTOS = YES_AGGRESSIVE;
				GCC_WARN_UNUSED_FUNCTION = YES;
				GCC_WARN_UNUSED_VARIABLE = YES;
				IPHONEOS_DEPLOYMENT_TARGET = 17.2;
				LOCALIZATION_PREFERS_STRING_CATALOGS = YES;
				MTL_ENABLE_DEBUG_INFO = NO;
				MTL_FAST_MATH = YES;
				SDKROOT = iphoneos;
				SWIFT_COMPILATION_MODE = wholemodule;
				VALIDATE_PRODUCT = YES;
			};
			name = Release;
		};
		3F739A042BEA6EDD007EE1B3 /* Debug */ = {
			isa = XCBuildConfiguration;
			buildSettings = {
				ASSETCATALOG_COMPILER_APPICON_NAME = AppIcon;
				ASSETCATALOG_COMPILER_GLOBAL_ACCENT_COLOR_NAME = AccentColor;
				CODE_SIGN_STYLE = Automatic;
				CURRENT_PROJECT_VERSION = 1;
				DEVELOPMENT_TEAM = 3S2S9T38QB;
				GENERATE_INFOPLIST_FILE = YES;
				INFOPLIST_FILE = MovieApp/Info.plist;
				INFOPLIST_KEY_UIApplicationSupportsIndirectInputEvents = YES;
				INFOPLIST_KEY_UILaunchStoryboardName = LaunchScreen;
				INFOPLIST_KEY_UIMainStoryboardFile = Main;
				INFOPLIST_KEY_UISupportedInterfaceOrientations_iPad = "UIInterfaceOrientationPortrait UIInterfaceOrientationPortraitUpsideDown UIInterfaceOrientationLandscapeLeft UIInterfaceOrientationLandscapeRight";
				INFOPLIST_KEY_UISupportedInterfaceOrientations_iPhone = "UIInterfaceOrientationPortrait UIInterfaceOrientationLandscapeLeft UIInterfaceOrientationLandscapeRight";
				LD_RUNPATH_SEARCH_PATHS = (
					"$(inherited)",
					"@executable_path/Frameworks",
				);
				MARKETING_VERSION = 1.0;
				PRODUCT_BUNDLE_IDENTIFIER = com.dinstudio.MovieApp;
				PRODUCT_NAME = "$(TARGET_NAME)";
				SWIFT_EMIT_LOC_STRINGS = YES;
				SWIFT_VERSION = 5.0;
				TARGETED_DEVICE_FAMILY = "1,2";
			};
			name = Debug;
		};
		3F739A052BEA6EDD007EE1B3 /* Release */ = {
			isa = XCBuildConfiguration;
			buildSettings = {
				ASSETCATALOG_COMPILER_APPICON_NAME = AppIcon;
				ASSETCATALOG_COMPILER_GLOBAL_ACCENT_COLOR_NAME = AccentColor;
				CODE_SIGN_STYLE = Automatic;
				CURRENT_PROJECT_VERSION = 1;
				DEVELOPMENT_TEAM = 3S2S9T38QB;
				GENERATE_INFOPLIST_FILE = YES;
				INFOPLIST_FILE = MovieApp/Info.plist;
				INFOPLIST_KEY_UIApplicationSupportsIndirectInputEvents = YES;
				INFOPLIST_KEY_UILaunchStoryboardName = LaunchScreen;
				INFOPLIST_KEY_UIMainStoryboardFile = Main;
				INFOPLIST_KEY_UISupportedInterfaceOrientations_iPad = "UIInterfaceOrientationPortrait UIInterfaceOrientationPortraitUpsideDown UIInterfaceOrientationLandscapeLeft UIInterfaceOrientationLandscapeRight";
				INFOPLIST_KEY_UISupportedInterfaceOrientations_iPhone = "UIInterfaceOrientationPortrait UIInterfaceOrientationLandscapeLeft UIInterfaceOrientationLandscapeRight";
				LD_RUNPATH_SEARCH_PATHS = (
					"$(inherited)",
					"@executable_path/Frameworks",
				);
				MARKETING_VERSION = 1.0;
				PRODUCT_BUNDLE_IDENTIFIER = com.dinstudio.MovieApp;
				PRODUCT_NAME = "$(TARGET_NAME)";
				SWIFT_EMIT_LOC_STRINGS = YES;
				SWIFT_VERSION = 5.0;
				TARGETED_DEVICE_FAMILY = "1,2";
			};
			name = Release;
		};
/* End XCBuildConfiguration section */

/* Begin XCConfigurationList section */
		3F7399EA2BEA6EDC007EE1B3 /* Build configuration list for PBXProject "MovieApp" */ = {
			isa = XCConfigurationList;
			buildConfigurations = (
				3F739A012BEA6EDD007EE1B3 /* Debug */,
				3F739A022BEA6EDD007EE1B3 /* Release */,
			);
			defaultConfigurationIsVisible = 0;
			defaultConfigurationName = Release;
		};
		3F739A032BEA6EDD007EE1B3 /* Build configuration list for PBXNativeTarget "MovieApp" */ = {
			isa = XCConfigurationList;
			buildConfigurations = (
				3F739A042BEA6EDD007EE1B3 /* Debug */,
				3F739A052BEA6EDD007EE1B3 /* Release */,
			);
			defaultConfigurationIsVisible = 0;
			defaultConfigurationName = Release;
		};
/* End XCConfigurationList section */
	};
	rootObject = 3F7399E72BEA6EDC007EE1B3 /* Project object */;
}
