// !$*UTF8*$!
{
	archiveVersion = 1;
	classes = {
	};
	objectVersion = 56;
	objects = {

/* Begin PBXBuildFile section */
		3F6B78F32BFC7E520099614F /* AppDelegate.swift in Sources */ = {isa = PBXBuildFile; fileRef = 3F6B78F22BFC7E520099614F /* AppDelegate.swift */; };
		3F6B78F52BFC7E520099614F /* SceneDelegate.swift in Sources */ = {isa = PBXBuildFile; fileRef = 3F6B78F42BFC7E520099614F /* SceneDelegate.swift */; };
		3F6B78F72BFC7E520099614F /* SearchMusicListViewController.swift in Sources */ = {isa = PBXBuildFile; fileRef = 3F6B78F62BFC7E520099614F /* SearchMusicListViewController.swift */; };
		3F6B78FA2BFC7E520099614F /* Main.storyboard in Resources */ = {isa = PBXBuildFile; fileRef = 3F6B78F82BFC7E520099614F /* Main.storyboard */; };
		3F6B78FC2BFC7E530099614F /* Assets.xcassets in Resources */ = {isa = PBXBuildFile; fileRef = 3F6B78FB2BFC7E530099614F /* Assets.xcassets */; };
		3F6B78FF2BFC7E530099614F /* LaunchScreen.storyboard in Resources */ = {isa = PBXBuildFile; fileRef = 3F6B78FD2BFC7E530099614F /* LaunchScreen.storyboard */; };
		3F8663052BFE6C16001D5793 /* MusicInfo.swift in Sources */ = {isa = PBXBuildFile; fileRef = 3F8663042BFE6C16001D5793 /* MusicInfo.swift */; };
		3F8663082BFE6DFB001D5793 /* MusicListCell.swift in Sources */ = {isa = PBXBuildFile; fileRef = 3F8663062BFE6DFB001D5793 /* MusicListCell.swift */; };
		3F8663092BFE6DFB001D5793 /* MusicListCell.xib in Resources */ = {isa = PBXBuildFile; fileRef = 3F8663072BFE6DFB001D5793 /* MusicListCell.xib */; };
/* End PBXBuildFile section */

/* Begin PBXFileReference section */
		3F6B78EF2BFC7E520099614F /* MusicSearchApp.app */ = {isa = PBXFileReference; explicitFileType = wrapper.application; includeInIndex = 0; path = MusicSearchApp.app; sourceTree = BUILT_PRODUCTS_DIR; };
		3F6B78F22BFC7E520099614F /* AppDelegate.swift */ = {isa = PBXFileReference; lastKnownFileType = sourcecode.swift; path = AppDelegate.swift; sourceTree = "<group>"; };
		3F6B78F42BFC7E520099614F /* SceneDelegate.swift */ = {isa = PBXFileReference; lastKnownFileType = sourcecode.swift; path = SceneDelegate.swift; sourceTree = "<group>"; };
		3F6B78F62BFC7E520099614F /* SearchMusicListViewController.swift */ = {isa = PBXFileReference; lastKnownFileType = sourcecode.swift; path = SearchMusicListViewController.swift; sourceTree = "<group>"; };
		3F6B78F92BFC7E520099614F /* Base */ = {isa = PBXFileReference; lastKnownFileType = file.storyboard; name = Base; path = Base.lproj/Main.storyboard; sourceTree = "<group>"; };
		3F6B78FB2BFC7E530099614F /* Assets.xcassets */ = {isa = PBXFileReference; lastKnownFileType = folder.assetcatalog; path = Assets.xcassets; sourceTree = "<group>"; };
		3F6B78FE2BFC7E530099614F /* Base */ = {isa = PBXFileReference; lastKnownFileType = file.storyboard; name = Base; path = Base.lproj/LaunchScreen.storyboard; sourceTree = "<group>"; };
		3F6B79002BFC7E530099614F /* Info.plist */ = {isa = PBXFileReference; lastKnownFileType = text.plist.xml; path = Info.plist; sourceTree = "<group>"; };
		3F8663042BFE6C16001D5793 /* MusicInfo.swift */ = {isa = PBXFileReference; lastKnownFileType = sourcecode.swift; path = MusicInfo.swift; sourceTree = "<group>"; };
		3F8663062BFE6DFB001D5793 /* MusicListCell.swift */ = {isa = PBXFileReference; lastKnownFileType = sourcecode.swift; path = MusicListCell.swift; sourceTree = "<group>"; };
		3F8663072BFE6DFB001D5793 /* MusicListCell.xib */ = {isa = PBXFileReference; lastKnownFileType = file.xib; path = MusicListCell.xib; sourceTree = "<group>"; };
/* End PBXFileReference section */

/* Begin PBXFrameworksBuildPhase section */
		3F6B78EC2BFC7E520099614F /* Frameworks */ = {
			isa = PBXFrameworksBuildPhase;
			buildActionMask = 2147483647;
			files = (
			);
			runOnlyForDeploymentPostprocessing = 0;
		};
/* End PBXFrameworksBuildPhase section */

/* Begin PBXGroup section */
		3F6B78E62BFC7E520099614F = {
			isa = PBXGroup;
			children = (
				3F6B78F12BFC7E520099614F /* MusicSearchApp */,
				3F6B78F02BFC7E520099614F /* Products */,
			);
			sourceTree = "<group>";
		};
		3F6B78F02BFC7E520099614F /* Products */ = {
			isa = PBXGroup;
			children = (
				3F6B78EF2BFC7E520099614F /* MusicSearchApp.app */,
			);
			name = Products;
			sourceTree = "<group>";
		};
		3F6B78F12BFC7E520099614F /* MusicSearchApp */ = {
			isa = PBXGroup;
			children = (
				3F6B78F22BFC7E520099614F /* AppDelegate.swift */,
				3F6B78F42BFC7E520099614F /* SceneDelegate.swift */,
				3F6B78F62BFC7E520099614F /* SearchMusicListViewController.swift */,
				3F6B78F82BFC7E520099614F /* Main.storyboard */,
				3F6B78FB2BFC7E530099614F /* Assets.xcassets */,
				3F6B78FD2BFC7E530099614F /* LaunchScreen.storyboard */,
				3F6B79002BFC7E530099614F /* Info.plist */,
				3F8663042BFE6C16001D5793 /* MusicInfo.swift */,
				3F8663062BFE6DFB001D5793 /* MusicListCell.swift */,
				3F8663072BFE6DFB001D5793 /* MusicListCell.xib */,
			);
			path = MusicSearchApp;
			sourceTree = "<group>";
		};
/* End PBXGroup section */

/* Begin PBXNativeTarget section */
		3F6B78EE2BFC7E520099614F /* MusicSearchApp */ = {
			isa = PBXNativeTarget;
			buildConfigurationList = 3F6B79032BFC7E530099614F /* Build configuration list for PBXNativeTarget "MusicSearchApp" */;
			buildPhases = (
				3F6B78EB2BFC7E520099614F /* Sources */,
				3F6B78EC2BFC7E520099614F /* Frameworks */,
				3F6B78ED2BFC7E520099614F /* Resources */,
			);
			buildRules = (
			);
			dependencies = (
			);
			name = MusicSearchApp;
			productName = MusicSearchApp;
			productReference = 3F6B78EF2BFC7E520099614F /* MusicSearchApp.app */;
			productType = "com.apple.product-type.application";
		};
/* End PBXNativeTarget section */

/* Begin PBXProject section */
		3F6B78E72BFC7E520099614F /* Project object */ = {
			isa = PBXProject;
			attributes = {
				BuildIndependentTargetsInParallel = 1;
				LastSwiftUpdateCheck = 1520;
				LastUpgradeCheck = 1520;
				TargetAttributes = {
					3F6B78EE2BFC7E520099614F = {
						CreatedOnToolsVersion = 15.2;
					};
				};
			};
			buildConfigurationList = 3F6B78EA2BFC7E520099614F /* Build configuration list for PBXProject "MusicSearchApp" */;
			compatibilityVersion = "Xcode 14.0";
			developmentRegion = en;
			hasScannedForEncodings = 0;
			knownRegions = (
				en,
				Base,
			);
			mainGroup = 3F6B78E62BFC7E520099614F;
			productRefGroup = 3F6B78F02BFC7E520099614F /* Products */;
			projectDirPath = "";
			projectRoot = "";
			targets = (
				3F6B78EE2BFC7E520099614F /* MusicSearchApp */,
			);
		};
/* End PBXProject section */

/* Begin PBXResourcesBuildPhase section */
		3F6B78ED2BFC7E520099614F /* Resources */ = {
			isa = PBXResourcesBuildPhase;
			buildActionMask = 2147483647;
			files = (
				3F6B78FF2BFC7E530099614F /* LaunchScreen.storyboard in Resources */,
				3F6B78FC2BFC7E530099614F /* Assets.xcassets in Resources */,
				3F6B78FA2BFC7E520099614F /* Main.storyboard in Resources */,
				3F8663092BFE6DFB001D5793 /* MusicListCell.xib in Resources */,
			);
			runOnlyForDeploymentPostprocessing = 0;
		};
/* End PBXResourcesBuildPhase section */

/* Begin PBXSourcesBuildPhase section */
		3F6B78EB2BFC7E520099614F /* Sources */ = {
			isa = PBXSourcesBuildPhase;
			buildActionMask = 2147483647;
			files = (
				3F6B78F72BFC7E520099614F /* SearchMusicListViewController.swift in Sources */,
				3F6B78F32BFC7E520099614F /* AppDelegate.swift in Sources */,
				3F6B78F52BFC7E520099614F /* SceneDelegate.swift in Sources */,
				3F8663082BFE6DFB001D5793 /* MusicListCell.swift in Sources */,
				3F8663052BFE6C16001D5793 /* MusicInfo.swift in Sources */,
			);
			runOnlyForDeploymentPostprocessing = 0;
		};
/* End PBXSourcesBuildPhase section */

/* Begin PBXVariantGroup section */
		3F6B78F82BFC7E520099614F /* Main.storyboard */ = {
			isa = PBXVariantGroup;
			children = (
				3F6B78F92BFC7E520099614F /* Base */,
			);
			name = Main.storyboard;
			sourceTree = "<group>";
		};
		3F6B78FD2BFC7E530099614F /* LaunchScreen.storyboard */ = {
			isa = PBXVariantGroup;
			children = (
				3F6B78FE2BFC7E530099614F /* Base */,
			);
			name = LaunchScreen.storyboard;
			sourceTree = "<group>";
		};
/* End PBXVariantGroup section */

/* Begin XCBuildConfiguration section */
		3F6B79012BFC7E530099614F /* Debug */ = {
			isa = XCBuildConfiguration;
			buildSettings = {
				ALWAYS_SEARCH_USER_PATHS = NO;
				ASSETCATALOG_COMPILER_GENERATE_SWIFT_ASSET_SYMBOL_EXTENSIONS = YES;
				CLANG_ANALYZER_NONNULL = YES;
				CLANG_ANALYZER_NUMBER_OBJECT_CONVERSION = YES_AGGRESSIVE;
				CLANG_CXX_LANGUAGE_STANDARD = "gnu++20";
				CLANG_ENABLE_MODULES = YES;
				CLANG_ENABLE_OBJC_ARC = YES;
				CLANG_ENABLE_OBJC_WEAK = YES;
				CLANG_WARN_BLOCK_CAPTURE_AUTORELEASING = YES;
				CLANG_WARN_BOOL_CONVERSION = YES;
				CLANG_WARN_COMMA = YES;
				CLANG_WARN_CONSTANT_CONVERSION = YES;
				CLANG_WARN_DEPRECATED_OBJC_IMPLEMENTATIONS = YES;
				CLANG_WARN_DIRECT_OBJC_ISA_USAGE = YES_ERROR;
				CLANG_WARN_DOCUMENTATION_COMMENTS = YES;
				CLANG_WARN_EMPTY_BODY = YES;
				CLANG_WARN_ENUM_CONVERSION = YES;
				CLANG_WARN_INFINITE_RECURSION = YES;
				CLANG_WARN_INT_CONVERSION = YES;
				CLANG_WARN_NON_LITERAL_NULL_CONVERSION = YES;
				CLANG_WARN_OBJC_IMPLICIT_RETAIN_SELF = YES;
				CLANG_WARN_OBJC_LITERAL_CONVERSION = YES;
				CLANG_WARN_OBJC_ROOT_CLASS = YES_ERROR;
				CLANG_WARN_QUOTED_INCLUDE_IN_FRAMEWORK_HEADER = YES;
				CLANG_WARN_RANGE_LOOP_ANALYSIS = YES;
				CLANG_WARN_STRICT_PROTOTYPES = YES;
				CLANG_WARN_SUSPICIOUS_MOVE = YES;
				CLANG_WARN_UNGUARDED_AVAILABILITY = YES_AGGRESSIVE;
				CLANG_WARN_UNREACHABLE_CODE = YES;
				CLANG_WARN__DUPLICATE_METHOD_MATCH = YES;
				COPY_PHASE_STRIP = NO;
				DEBUG_INFORMATION_FORMAT = dwarf;
				ENABLE_STRICT_OBJC_MSGSEND = YES;
				ENABLE_TESTABILITY = YES;
				ENABLE_USER_SCRIPT_SANDBOXING = YES;
				GCC_C_LANGUAGE_STANDARD = gnu17;
				GCC_DYNAMIC_NO_PIC = NO;
				GCC_NO_COMMON_BLOCKS = YES;
				GCC_OPTIMIZATION_LEVEL = 0;
				GCC_PREPROCESSOR_DEFINITIONS = (
					"DEBUG=1",
					"$(inherited)",
				);
				GCC_WARN_64_TO_32_BIT_CONVERSION = YES;
				GCC_WARN_ABOUT_RETURN_TYPE = YES_ERROR;
				GCC_WARN_UNDECLARED_SELECTOR = YES;
				GCC_WARN_UNINITIALIZED_AUTOS = YES_AGGRESSIVE;
				GCC_WARN_UNUSED_FUNCTION = YES;
				GCC_WARN_UNUSED_VARIABLE = YES;
				IPHONEOS_DEPLOYMENT_TARGET = 17.2;
				LOCALIZATION_PREFERS_STRING_CATALOGS = YES;
				MTL_ENABLE_DEBUG_INFO = INCLUDE_SOURCE;
				MTL_FAST_MATH = YES;
				ONLY_ACTIVE_ARCH = YES;
				SDKROOT = iphoneos;
				SWIFT_ACTIVE_COMPILATION_CONDITIONS = "DEBUG $(inherited)";
				SWIFT_OPTIMIZATION_LEVEL = "-Onone";
			};
			name = Debug;
		};
		3F6B79022BFC7E530099614F /* Release */ = {
			isa = XCBuildConfiguration;
			buildSettings = {
				ALWAYS_SEARCH_USER_PATHS = NO;
				ASSETCATALOG_COMPILER_GENERATE_SWIFT_ASSET_SYMBOL_EXTENSIONS = YES;
				CLANG_ANALYZER_NONNULL = YES;
				CLANG_ANALYZER_NUMBER_OBJECT_CONVERSION = YES_AGGRESSIVE;
				CLANG_CXX_LANGUAGE_STANDARD = "gnu++20";
				CLANG_ENABLE_MODULES = YES;
				CLANG_ENABLE_OBJC_ARC = YES;
				CLANG_ENABLE_OBJC_WEAK = YES;
				CLANG_WARN_BLOCK_CAPTURE_AUTORELEASING = YES;
				CLANG_WARN_BOOL_CONVERSION = YES;
				CLANG_WARN_COMMA = YES;
				CLANG_WARN_CONSTANT_CONVERSION = YES;
				CLANG_WARN_DEPRECATED_OBJC_IMPLEMENTATIONS = YES;
				CLANG_WARN_DIRECT_OBJC_ISA_USAGE = YES_ERROR;
				CLANG_WARN_DOCUMENTATION_COMMENTS = YES;
				CLANG_WARN_EMPTY_BODY = YES;
				CLANG_WARN_ENUM_CONVERSION = YES;
				CLANG_WARN_INFINITE_RECURSION = YES;
				CLANG_WARN_INT_CONVERSION = YES;
				CLANG_WARN_NON_LITERAL_NULL_CONVERSION = YES;
				CLANG_WARN_OBJC_IMPLICIT_RETAIN_SELF = YES;
				CLANG_WARN_OBJC_LITERAL_CONVERSION = YES;
				CLANG_WARN_OBJC_ROOT_CLASS = YES_ERROR;
				CLANG_WARN_QUOTED_INCLUDE_IN_FRAMEWORK_HEADER = YES;
				CLANG_WARN_RANGE_LOOP_ANALYSIS = YES;
				CLANG_WARN_STRICT_PROTOTYPES = YES;
				CLANG_WARN_SUSPICIOUS_MOVE = YES;
				CLANG_WARN_UNGUARDED_AVAILABILITY = YES_AGGRESSIVE;
				CLANG_WARN_UNREACHABLE_CODE = YES;
				CLANG_WARN__DUPLICATE_METHOD_MATCH = YES;
				COPY_PHASE_STRIP = NO;
				DEBUG_INFORMATION_FORMAT = "dwarf-with-dsym";
				ENABLE_NS_ASSERTIONS = NO;
				ENABLE_STRICT_OBJC_MSGSEND = YES;
				ENABLE_USER_SCRIPT_SANDBOXING = YES;
				GCC_C_LANGUAGE_STANDARD = gnu17;
				GCC_NO_COMMON_BLOCKS = YES;
				GCC_WARN_64_TO_32_BIT_CONVERSION = YES;
				GCC_WARN_ABOUT_RETURN_TYPE = YES_ERROR;
				GCC_WARN_UNDECLARED_SELECTOR = YES;
				GCC_WARN_UNINITIALIZED_AUTOS = YES_AGGRESSIVE;
				GCC_WARN_UNUSED_FUNCTION = YES;
				GCC_WARN_UNUSED_VARIABLE = YES;
				IPHONEOS_DEPLOYMENT_TARGET = 17.2;
				LOCALIZATION_PREFERS_STRING_CATALOGS = YES;
				MTL_ENABLE_DEBUG_INFO = NO;
				MTL_FAST_MATH = YES;
				SDKROOT = iphoneos;
				SWIFT_COMPILATION_MODE = wholemodule;
				VALIDATE_PRODUCT = YES;
			};
			name = Release;
		};
		3F6B79042BFC7E530099614F /* Debug */ = {
			isa = XCBuildConfiguration;
			buildSettings = {
				ASSETCATALOG_COMPILER_APPICON_NAME = AppIcon;
				ASSETCATALOG_COMPILER_GLOBAL_ACCENT_COLOR_NAME = AccentColor;
				CODE_SIGN_STYLE = Automatic;
				CURRENT_PROJECT_VERSION = 1;
				DEVELOPMENT_TEAM = 3S2S9T38QB;
				GENERATE_INFOPLIST_FILE = YES;
				INFOPLIST_FILE = MusicSearchApp/Info.plist;
				INFOPLIST_KEY_UIApplicationSupportsIndirectInputEvents = YES;
				INFOPLIST_KEY_UILaunchStoryboardName = LaunchScreen;
				INFOPLIST_KEY_UIMainStoryboardFile = Main;
				INFOPLIST_KEY_UISupportedInterfaceOrientations_iPad = "UIInterfaceOrientationPortrait UIInterfaceOrientationPortraitUpsideDown UIInterfaceOrientationLandscapeLeft UIInterfaceOrientationLandscapeRight";
				INFOPLIST_KEY_UISupportedInterfaceOrientations_iPhone = "UIInterfaceOrientationPortrait UIInterfaceOrientationLandscapeLeft UIInterfaceOrientationLandscapeRight";
				LD_RUNPATH_SEARCH_PATHS = (
					"$(inherited)",
					"@executable_path/Frameworks",
				);
				MARKETING_VERSION = 1.0;
				PRODUCT_BUNDLE_IDENTIFIER = com.dinstudio.MusicSearchApp;
				PRODUCT_NAME = "$(TARGET_NAME)";
				SWIFT_EMIT_LOC_STRINGS = YES;
				SWIFT_VERSION = 5.0;
				TARGETED_DEVICE_FAMILY = "1,2";
			};
			name = Debug;
		};
		3F6B79052BFC7E530099614F /* Release */ = {
			isa = XCBuildConfiguration;
			buildSettings = {
				ASSETCATALOG_COMPILER_APPICON_NAME = AppIcon;
				ASSETCATALOG_COMPILER_GLOBAL_ACCENT_COLOR_NAME = AccentColor;
				CODE_SIGN_STYLE = Automatic;
				CURRENT_PROJECT_VERSION = 1;
				DEVELOPMENT_TEAM = 3S2S9T38QB;
				GENERATE_INFOPLIST_FILE = YES;
				INFOPLIST_FILE = MusicSearchApp/Info.plist;
				INFOPLIST_KEY_UIApplicationSupportsIndirectInputEvents = YES;
				INFOPLIST_KEY_UILaunchStoryboardName = LaunchScreen;
				INFOPLIST_KEY_UIMainStoryboardFile = Main;
				INFOPLIST_KEY_UISupportedInterfaceOrientations_iPad = "UIInterfaceOrientationPortrait UIInterfaceOrientationPortraitUpsideDown UIInterfaceOrientationLandscapeLeft UIInterfaceOrientationLandscapeRight";
				INFOPLIST_KEY_UISupportedInterfaceOrientations_iPhone = "UIInterfaceOrientationPortrait UIInterfaceOrientationLandscapeLeft UIInterfaceOrientationLandscapeRight";
				LD_RUNPATH_SEARCH_PATHS = (
					"$(inherited)",
					"@executable_path/Frameworks",
				);
				MARKETING_VERSION = 1.0;
				PRODUCT_BUNDLE_IDENTIFIER = com.dinstudio.MusicSearchApp;
				PRODUCT_NAME = "$(TARGET_NAME)";
				SWIFT_EMIT_LOC_STRINGS = YES;
				SWIFT_VERSION = 5.0;
				TARGETED_DEVICE_FAMILY = "1,2";
			};
			name = Release;
		};
/* End XCBuildConfiguration section */

/* Begin XCConfigurationList section */
		3F6B78EA2BFC7E520099614F /* Build configuration list for PBXProject "MusicSearchApp" */ = {
			isa = XCConfigurationList;
			buildConfigurations = (
				3F6B79012BFC7E530099614F /* Debug */,
				3F6B79022BFC7E530099614F /* Release */,
			);
			defaultConfigurationIsVisible = 0;
			defaultConfigurationName = Release;
		};
		3F6B79032BFC7E530099614F /* Build configuration list for PBXNativeTarget "MusicSearchApp" */ = {
			isa = XCConfigurationList;
			buildConfigurations = (
				3F6B79042BFC7E530099614F /* Debug */,
				3F6B79052BFC7E530099614F /* Release */,
			);
			defaultConfigurationIsVisible = 0;
			defaultConfigurationName = Release;
		};
/* End XCConfigurationList section */
	};
	rootObject = 3F6B78E72BFC7E520099614F /* Project object */;
}
