// !$*UTF8*$!
{
	archiveVersion = 1;
	classes = {
	};
	objectVersion = 56;
	objects = {

/* Begin PBXBuildFile section */
		8BBC51632BFD1A4D005EB184 /* AppDelegate.swift in Sources */ = {isa = PBXBuildFile; fileRef = 8BBC51622BFD1A4D005EB184 /* AppDelegate.swift */; };
		8BBC51652BFD1A4D005EB184 /* SceneDelegate.swift in Sources */ = {isa = PBXBuildFile; fileRef = 8BBC51642BFD1A4D005EB184 /* SceneDelegate.swift */; };
		8BBC51672BFD1A4D005EB184 /* SearchMusicViewController.swift in Sources */ = {isa = PBXBuildFile; fileRef = 8BBC51662BFD1A4D005EB184 /* SearchMusicViewController.swift */; };
		8BBC516A2BFD1A4D005EB184 /* Base in Resources */ = {isa = PBXBuildFile; fileRef = 8BBC51692BFD1A4D005EB184 /* Base */; };
		8BBC516C2BFD1A4E005EB184 /* Assets.xcassets in Resources */ = {isa = PBXBuildFile; fileRef = 8BBC516B2BFD1A4E005EB184 /* Assets.xcassets */; };
		8BBC516F2BFD1A4E005EB184 /* Base in Resources */ = {isa = PBXBuildFile; fileRef = 8BBC516E2BFD1A4E005EB184 /* Base */; };
		8BBC51772BFD1C52005EB184 /* MusicInfo.swift in Sources */ = {isa = PBXBuildFile; fileRef = 8BBC51762BFD1C52005EB184 /* MusicInfo.swift */; };
		8BBC519F2BFDE36C005EB184 /* MusicCollectionViewCell.swift in Sources */ = {isa = PBXBuildFile; fileRef = 8BBC519E2BFDE36C005EB184 /* MusicCollectionViewCell.swift */; };
		8BBC51A12BFEF664005EB184 /* SearchResultsViewController.swift in Sources */ = {isa = PBXBuildFile; fileRef = 8BBC51A02BFEF664005EB184 /* SearchResultsViewController.swift */; };
		8BBC51A32BFEFFCB005EB184 /* MusicImageCollectionViewCell.swift in Sources */ = {isa = PBXBuildFile; fileRef = 8BBC51A22BFEFFCA005EB184 /* MusicImageCollectionViewCell.swift */; };
/* End PBXBuildFile section */

/* Begin PBXFileReference section */
		8BBC515F2BFD1A4D005EB184 /* MusicSearch.app */ = {isa = PBXFileReference; explicitFileType = wrapper.application; includeInIndex = 0; path = MusicSearch.app; sourceTree = BUILT_PRODUCTS_DIR; };
		8BBC51622BFD1A4D005EB184 /* AppDelegate.swift */ = {isa = PBXFileReference; lastKnownFileType = sourcecode.swift; path = AppDelegate.swift; sourceTree = "<group>"; };
		8BBC51642BFD1A4D005EB184 /* SceneDelegate.swift */ = {isa = PBXFileReference; lastKnownFileType = sourcecode.swift; path = SceneDelegate.swift; sourceTree = "<group>"; };
		8BBC51662BFD1A4D005EB184 /* SearchMusicViewController.swift */ = {isa = PBXFileReference; lastKnownFileType = sourcecode.swift; path = SearchMusicViewController.swift; sourceTree = "<group>"; };
		8BBC51692BFD1A4D005EB184 /* Base */ = {isa = PBXFileReference; lastKnownFileType = file.storyboard; name = Base; path = Base.lproj/Main.storyboard; sourceTree = "<group>"; };
		8BBC516B2BFD1A4E005EB184 /* Assets.xcassets */ = {isa = PBXFileReference; lastKnownFileType = folder.assetcatalog; path = Assets.xcassets; sourceTree = "<group>"; };
		8BBC516E2BFD1A4E005EB184 /* Base */ = {isa = PBXFileReference; lastKnownFileType = file.storyboard; name = Base; path = Base.lproj/LaunchScreen.storyboard; sourceTree = "<group>"; };
		8BBC51702BFD1A4E005EB184 /* Info.plist */ = {isa = PBXFileReference; lastKnownFileType = text.plist.xml; path = Info.plist; sourceTree = "<group>"; };
		8BBC51762BFD1C52005EB184 /* MusicInfo.swift */ = {isa = PBXFileReference; lastKnownFileType = sourcecode.swift; path = MusicInfo.swift; sourceTree = "<group>"; };
		8BBC519E2BFDE36C005EB184 /* MusicCollectionViewCell.swift */ = {isa = PBXFileReference; lastKnownFileType = sourcecode.swift; path = MusicCollectionViewCell.swift; sourceTree = "<group>"; };
		8BBC51A02BFEF664005EB184 /* SearchResultsViewController.swift */ = {isa = PBXFileReference; lastKnownFileType = sourcecode.swift; path = SearchResultsViewController.swift; sourceTree = "<group>"; };
		8BBC51A22BFEFFCA005EB184 /* MusicImageCollectionViewCell.swift */ = {isa = PBXFileReference; lastKnownFileType = sourcecode.swift; path = MusicImageCollectionViewCell.swift; sourceTree = "<group>"; };
/* End PBXFileReference section */

/* Begin PBXFrameworksBuildPhase section */
		8BBC515C2BFD1A4D005EB184 /* Frameworks */ = {
			isa = PBXFrameworksBuildPhase;
			buildActionMask = 2147483647;
			files = (
			);
			runOnlyForDeploymentPostprocessing = 0;
		};
/* End PBXFrameworksBuildPhase section */

/* Begin PBXGroup section */
		8BBC51562BFD1A4C005EB184 = {
			isa = PBXGroup;
			children = (
				8BBC51612BFD1A4D005EB184 /* MusicSearch */,
				8BBC51602BFD1A4D005EB184 /* Products */,
			);
			sourceTree = "<group>";
		};
		8BBC51602BFD1A4D005EB184 /* Products */ = {
			isa = PBXGroup;
			children = (
				8BBC515F2BFD1A4D005EB184 /* MusicSearch.app */,
			);
			name = Products;
			sourceTree = "<group>";
		};
		8BBC51612BFD1A4D005EB184 /* MusicSearch */ = {
			isa = PBXGroup;
			children = (
				8BBC51622BFD1A4D005EB184 /* AppDelegate.swift */,
				8BBC51642BFD1A4D005EB184 /* SceneDelegate.swift */,
				8BBC51A02BFEF664005EB184 /* SearchResultsViewController.swift */,
				8BBC519E2BFDE36C005EB184 /* MusicCollectionViewCell.swift */,
				8BBC51762BFD1C52005EB184 /* MusicInfo.swift */,
				8BBC51A22BFEFFCA005EB184 /* MusicImageCollectionViewCell.swift */,
				8BBC51662BFD1A4D005EB184 /* SearchMusicViewController.swift */,
				8BBC51682BFD1A4D005EB184 /* Main.storyboard */,
				8BBC516B2BFD1A4E005EB184 /* Assets.xcassets */,
				8BBC516D2BFD1A4E005EB184 /* LaunchScreen.storyboard */,
				8BBC51702BFD1A4E005EB184 /* Info.plist */,
			);
			path = MusicSearch;
			sourceTree = "<group>";
		};
/* End PBXGroup section */

/* Begin PBXNativeTarget section */
		8BBC515E2BFD1A4D005EB184 /* MusicSearch */ = {
			isa = PBXNativeTarget;
			buildConfigurationList = 8BBC51732BFD1A4E005EB184 /* Build configuration list for PBXNativeTarget "MusicSearch" */;
			buildPhases = (
				8BBC515B2BFD1A4D005EB184 /* Sources */,
				8BBC515C2BFD1A4D005EB184 /* Frameworks */,
				8BBC515D2BFD1A4D005EB184 /* Resources */,
			);
			buildRules = (
			);
			dependencies = (
			);
			name = MusicSearch;
			productName = MusicSearch;
			productReference = 8BBC515F2BFD1A4D005EB184 /* MusicSearch.app */;
			productType = "com.apple.product-type.application";
		};
/* End PBXNativeTarget section */

/* Begin PBXProject section */
		8BBC51572BFD1A4C005EB184 /* Project object */ = {
			isa = PBXProject;
			attributes = {
				BuildIndependentTargetsInParallel = 1;
				LastSwiftUpdateCheck = 1540;
				LastUpgradeCheck = 1540;
				TargetAttributes = {
					8BBC515E2BFD1A4D005EB184 = {
						CreatedOnToolsVersion = 15.4;
					};
				};
			};
			buildConfigurationList = 8BBC515A2BFD1A4C005EB184 /* Build configuration list for PBXProject "MusicSearch" */;
			compatibilityVersion = "Xcode 14.0";
			developmentRegion = en;
			hasScannedForEncodings = 0;
			knownRegions = (
				en,
				Base,
			);
			mainGroup = 8BBC51562BFD1A4C005EB184;
			productRefGroup = 8BBC51602BFD1A4D005EB184 /* Products */;
			projectDirPath = "";
			projectRoot = "";
			targets = (
				8BBC515E2BFD1A4D005EB184 /* MusicSearch */,
			);
		};
/* End PBXProject section */

/* Begin PBXResourcesBuildPhase section */
		8BBC515D2BFD1A4D005EB184 /* Resources */ = {
			isa = PBXResourcesBuildPhase;
			buildActionMask = 2147483647;
			files = (
				8BBC516C2BFD1A4E005EB184 /* Assets.xcassets in Resources */,
				8BBC516F2BFD1A4E005EB184 /* Base in Resources */,
				8BBC516A2BFD1A4D005EB184 /* Base in Resources */,
			);
			runOnlyForDeploymentPostprocessing = 0;
		};
/* End PBXResourcesBuildPhase section */

/* Begin PBXSourcesBuildPhase section */
		8BBC515B2BFD1A4D005EB184 /* Sources */ = {
			isa = PBXSourcesBuildPhase;
			buildActionMask = 2147483647;
			files = (
				8BBC51672BFD1A4D005EB184 /* SearchMusicViewController.swift in Sources */,
				8BBC51632BFD1A4D005EB184 /* AppDelegate.swift in Sources */,
				8BBC51A32BFEFFCB005EB184 /* MusicImageCollectionViewCell.swift in Sources */,
				8BBC51652BFD1A4D005EB184 /* SceneDelegate.swift in Sources */,
				8BBC519F2BFDE36C005EB184 /* MusicCollectionViewCell.swift in Sources */,
				8BBC51772BFD1C52005EB184 /* MusicInfo.swift in Sources */,
				8BBC51A12BFEF664005EB184 /* SearchResultsViewController.swift in Sources */,
			);
			runOnlyForDeploymentPostprocessing = 0;
		};
/* End PBXSourcesBuildPhase section */

/* Begin PBXVariantGroup section */
		8BBC51682BFD1A4D005EB184 /* Main.storyboard */ = {
			isa = PBXVariantGroup;
			children = (
				8BBC51692BFD1A4D005EB184 /* Base */,
			);
			name = Main.storyboard;
			sourceTree = "<group>";
		};
		8BBC516D2BFD1A4E005EB184 /* LaunchScreen.storyboard */ = {
			isa = PBXVariantGroup;
			children = (
				8BBC516E2BFD1A4E005EB184 /* Base */,
			);
			name = LaunchScreen.storyboard;
			sourceTree = "<group>";
		};
/* End PBXVariantGroup section */

/* Begin XCBuildConfiguration section */
		8BBC51712BFD1A4E005EB184 /* Debug */ = {
			isa = XCBuildConfiguration;
			buildSettings = {
				ALWAYS_SEARCH_USER_PATHS = NO;
				ASSETCATALOG_COMPILER_GENERATE_SWIFT_ASSET_SYMBOL_EXTENSIONS = YES;
				CLANG_ANALYZER_NONNULL = YES;
				CLANG_ANALYZER_NUMBER_OBJECT_CONVERSION = YES_AGGRESSIVE;
				CLANG_CXX_LANGUAGE_STANDARD = "gnu++20";
				CLANG_ENABLE_MODULES = YES;
				CLANG_ENABLE_OBJC_ARC = YES;
				CLANG_ENABLE_OBJC_WEAK = YES;
				CLANG_WARN_BLOCK_CAPTURE_AUTORELEASING = YES;
				CLANG_WARN_BOOL_CONVERSION = YES;
				CLANG_WARN_COMMA = YES;
				CLANG_WARN_CONSTANT_CONVERSION = YES;
				CLANG_WARN_DEPRECATED_OBJC_IMPLEMENTATIONS = YES;
				CLANG_WARN_DIRECT_OBJC_ISA_USAGE = YES_ERROR;
				CLANG_WARN_DOCUMENTATION_COMMENTS = YES;
				CLANG_WARN_EMPTY_BODY = YES;
				CLANG_WARN_ENUM_CONVERSION = YES;
				CLANG_WARN_INFINITE_RECURSION = YES;
				CLANG_WARN_INT_CONVERSION = YES;
				CLANG_WARN_NON_LITERAL_NULL_CONVERSION = YES;
				CLANG_WARN_OBJC_IMPLICIT_RETAIN_SELF = YES;
				CLANG_WARN_OBJC_LITERAL_CONVERSION = YES;
				CLANG_WARN_OBJC_ROOT_CLASS = YES_ERROR;
				CLANG_WARN_QUOTED_INCLUDE_IN_FRAMEWORK_HEADER = YES;
				CLANG_WARN_RANGE_LOOP_ANALYSIS = YES;
				CLANG_WARN_STRICT_PROTOTYPES = YES;
				CLANG_WARN_SUSPICIOUS_MOVE = YES;
				CLANG_WARN_UNGUARDED_AVAILABILITY = YES_AGGRESSIVE;
				CLANG_WARN_UNREACHABLE_CODE = YES;
				CLANG_WARN__DUPLICATE_METHOD_MATCH = YES;
				COPY_PHASE_STRIP = NO;
				DEBUG_INFORMATION_FORMAT = dwarf;
				ENABLE_STRICT_OBJC_MSGSEND = YES;
				ENABLE_TESTABILITY = YES;
				ENABLE_USER_SCRIPT_SANDBOXING = YES;
				GCC_C_LANGUAGE_STANDARD = gnu17;
				GCC_DYNAMIC_NO_PIC = NO;
				GCC_NO_COMMON_BLOCKS = YES;
				GCC_OPTIMIZATION_LEVEL = 0;
				GCC_PREPROCESSOR_DEFINITIONS = (
					"DEBUG=1",
					"$(inherited)",
				);
				GCC_WARN_64_TO_32_BIT_CONVERSION = YES;
				GCC_WARN_ABOUT_RETURN_TYPE = YES_ERROR;
				GCC_WARN_UNDECLARED_SELECTOR = YES;
				GCC_WARN_UNINITIALIZED_AUTOS = YES_AGGRESSIVE;
				GCC_WARN_UNUSED_FUNCTION = YES;
				GCC_WARN_UNUSED_VARIABLE = YES;
				IPHONEOS_DEPLOYMENT_TARGET = 17.5;
				LOCALIZATION_PREFERS_STRING_CATALOGS = YES;
				MTL_ENABLE_DEBUG_INFO = INCLUDE_SOURCE;
				MTL_FAST_MATH = YES;
				ONLY_ACTIVE_ARCH = YES;
				SDKROOT = iphoneos;
				SWIFT_ACTIVE_COMPILATION_CONDITIONS = "DEBUG $(inherited)";
				SWIFT_OPTIMIZATION_LEVEL = "-Onone";
			};
			name = Debug;
		};
		8BBC51722BFD1A4E005EB184 /* Release */ = {
			isa = XCBuildConfiguration;
			buildSettings = {
				ALWAYS_SEARCH_USER_PATHS = NO;
				ASSETCATALOG_COMPILER_GENERATE_SWIFT_ASSET_SYMBOL_EXTENSIONS = YES;
				CLANG_ANALYZER_NONNULL = YES;
				CLANG_ANALYZER_NUMBER_OBJECT_CONVERSION = YES_AGGRESSIVE;
				CLANG_CXX_LANGUAGE_STANDARD = "gnu++20";
				CLANG_ENABLE_MODULES = YES;
				CLANG_ENABLE_OBJC_ARC = YES;
				CLANG_ENABLE_OBJC_WEAK = YES;
				CLANG_WARN_BLOCK_CAPTURE_AUTORELEASING = YES;
				CLANG_WARN_BOOL_CONVERSION = YES;
				CLANG_WARN_COMMA = YES;
				CLANG_WARN_CONSTANT_CONVERSION = YES;
				CLANG_WARN_DEPRECATED_OBJC_IMPLEMENTATIONS = YES;
				CLANG_WARN_DIRECT_OBJC_ISA_USAGE = YES_ERROR;
				CLANG_WARN_DOCUMENTATION_COMMENTS = YES;
				CLANG_WARN_EMPTY_BODY = YES;
				CLANG_WARN_ENUM_CONVERSION = YES;
				CLANG_WARN_INFINITE_RECURSION = YES;
				CLANG_WARN_INT_CONVERSION = YES;
				CLANG_WARN_NON_LITERAL_NULL_CONVERSION = YES;
				CLANG_WARN_OBJC_IMPLICIT_RETAIN_SELF = YES;
				CLANG_WARN_OBJC_LITERAL_CONVERSION = YES;
				CLANG_WARN_OBJC_ROOT_CLASS = YES_ERROR;
				CLANG_WARN_QUOTED_INCLUDE_IN_FRAMEWORK_HEADER = YES;
				CLANG_WARN_RANGE_LOOP_ANALYSIS = YES;
				CLANG_WARN_STRICT_PROTOTYPES = YES;
				CLANG_WARN_SUSPICIOUS_MOVE = YES;
				CLANG_WARN_UNGUARDED_AVAILABILITY = YES_AGGRESSIVE;
				CLANG_WARN_UNREACHABLE_CODE = YES;
				CLANG_WARN__DUPLICATE_METHOD_MATCH = YES;
				COPY_PHASE_STRIP = NO;
				DEBUG_INFORMATION_FORMAT = "dwarf-with-dsym";
				ENABLE_NS_ASSERTIONS = NO;
				ENABLE_STRICT_OBJC_MSGSEND = YES;
				ENABLE_USER_SCRIPT_SANDBOXING = YES;
				GCC_C_LANGUAGE_STANDARD = gnu17;
				GCC_NO_COMMON_BLOCKS = YES;
				GCC_WARN_64_TO_32_BIT_CONVERSION = YES;
				GCC_WARN_ABOUT_RETURN_TYPE = YES_ERROR;
				GCC_WARN_UNDECLARED_SELECTOR = YES;
				GCC_WARN_UNINITIALIZED_AUTOS = YES_AGGRESSIVE;
				GCC_WARN_UNUSED_FUNCTION = YES;
				GCC_WARN_UNUSED_VARIABLE = YES;
				IPHONEOS_DEPLOYMENT_TARGET = 17.5;
				LOCALIZATION_PREFERS_STRING_CATALOGS = YES;
				MTL_ENABLE_DEBUG_INFO = NO;
				MTL_FAST_MATH = YES;
				SDKROOT = iphoneos;
				SWIFT_COMPILATION_MODE = wholemodule;
				VALIDATE_PRODUCT = YES;
			};
			name = Release;
		};
		8BBC51742BFD1A4E005EB184 /* Debug */ = {
			isa = XCBuildConfiguration;
			buildSettings = {
				ASSETCATALOG_COMPILER_APPICON_NAME = AppIcon;
				ASSETCATALOG_COMPILER_GLOBAL_ACCENT_COLOR_NAME = AccentColor;
				CODE_SIGN_STYLE = Automatic;
				CURRENT_PROJECT_VERSION = 1;
				DEVELOPMENT_TEAM = S8YQN7N24J;
				GENERATE_INFOPLIST_FILE = YES;
				INFOPLIST_FILE = MusicSearch/Info.plist;
				INFOPLIST_KEY_UIApplicationSupportsIndirectInputEvents = YES;
				INFOPLIST_KEY_UILaunchStoryboardName = LaunchScreen;
				INFOPLIST_KEY_UIMainStoryboardFile = Main;
				INFOPLIST_KEY_UISupportedInterfaceOrientations_iPad = "UIInterfaceOrientationPortrait UIInterfaceOrientationPortraitUpsideDown UIInterfaceOrientationLandscapeLeft UIInterfaceOrientationLandscapeRight";
				INFOPLIST_KEY_UISupportedInterfaceOrientations_iPhone = "UIInterfaceOrientationPortrait UIInterfaceOrientationLandscapeLeft UIInterfaceOrientationLandscapeRight";
				LD_RUNPATH_SEARCH_PATHS = (
					"$(inherited)",
					"@executable_path/Frameworks",
				);
				MARKETING_VERSION = 1.0;
				PRODUCT_BUNDLE_IDENTIFIER = org.appcenter.MusicSearch;
				PRODUCT_NAME = "$(TARGET_NAME)";
				SWIFT_EMIT_LOC_STRINGS = YES;
				SWIFT_VERSION = 5.0;
				TARGETED_DEVICE_FAMILY = "1,2";
			};
			name = Debug;
		};
		8BBC51752BFD1A4E005EB184 /* Release */ = {
			isa = XCBuildConfiguration;
			buildSettings = {
				ASSETCATALOG_COMPILER_APPICON_NAME = AppIcon;
				ASSETCATALOG_COMPILER_GLOBAL_ACCENT_COLOR_NAME = AccentColor;
				CODE_SIGN_STYLE = Automatic;
				CURRENT_PROJECT_VERSION = 1;
				DEVELOPMENT_TEAM = S8YQN7N24J;
				GENERATE_INFOPLIST_FILE = YES;
				INFOPLIST_FILE = MusicSearch/Info.plist;
				INFOPLIST_KEY_UIApplicationSupportsIndirectInputEvents = YES;
				INFOPLIST_KEY_UILaunchStoryboardName = LaunchScreen;
				INFOPLIST_KEY_UIMainStoryboardFile = Main;
				INFOPLIST_KEY_UISupportedInterfaceOrientations_iPad = "UIInterfaceOrientationPortrait UIInterfaceOrientationPortraitUpsideDown UIInterfaceOrientationLandscapeLeft UIInterfaceOrientationLandscapeRight";
				INFOPLIST_KEY_UISupportedInterfaceOrientations_iPhone = "UIInterfaceOrientationPortrait UIInterfaceOrientationLandscapeLeft UIInterfaceOrientationLandscapeRight";
				LD_RUNPATH_SEARCH_PATHS = (
					"$(inherited)",
					"@executable_path/Frameworks",
				);
				MARKETING_VERSION = 1.0;
				PRODUCT_BUNDLE_IDENTIFIER = org.appcenter.MusicSearch;
				PRODUCT_NAME = "$(TARGET_NAME)";
				SWIFT_EMIT_LOC_STRINGS = YES;
				SWIFT_VERSION = 5.0;
				TARGETED_DEVICE_FAMILY = "1,2";
			};
			name = Release;
		};
/* End XCBuildConfiguration section */

/* Begin XCConfigurationList section */
		8BBC515A2BFD1A4C005EB184 /* Build configuration list for PBXProject "MusicSearch" */ = {
			isa = XCConfigurationList;
			buildConfigurations = (
				8BBC51712BFD1A4E005EB184 /* Debug */,
				8BBC51722BFD1A4E005EB184 /* Release */,
			);
			defaultConfigurationIsVisible = 0;
			defaultConfigurationName = Release;
		};
		8BBC51732BFD1A4E005EB184 /* Build configuration list for PBXNativeTarget "MusicSearch" */ = {
			isa = XCConfigurationList;
			buildConfigurations = (
				8BBC51742BFD1A4E005EB184 /* Debug */,
				8BBC51752BFD1A4E005EB184 /* Release */,
			);
			defaultConfigurationIsVisible = 0;
			defaultConfigurationName = Release;
		};
/* End XCConfigurationList section */
	};
	rootObject = 8BBC51572BFD1A4C005EB184 /* Project object */;
}
